// !$*UTF8*$!
{
	archiveVersion = 1;
	classes = {
	};
	objectVersion = 50;
	objects = {

/* Begin PBXBuildFile section */
		391CD1FB23982F600062A84F /* FeedView.swift in Sources */ = {isa = PBXBuildFile; fileRef = 391CD1FA23982F600062A84F /* FeedView.swift */; };
		391CD1FD239831150062A84F /* WmsyHeader.swift in Sources */ = {isa = PBXBuildFile; fileRef = 391CD1FC239831150062A84F /* WmsyHeader.swift */; };
		39288D4E23997ADD00C39BF1 /* FilterBar.swift in Sources */ = {isa = PBXBuildFile; fileRef = 39288D4D23997ADD00C39BF1 /* FilterBar.swift */; };
		39288D5023997B3800C39BF1 /* FilterCell.swift in Sources */ = {isa = PBXBuildFile; fileRef = 39288D4F23997B3800C39BF1 /* FilterCell.swift */; };
		39C2371E239D70BE00A46148 /* UIViewExtention.swift in Sources */ = {isa = PBXBuildFile; fileRef = 39C2371D239D70BE00A46148 /* UIViewExtention.swift */; };
		39C8DD5523981D1F00D73109 /* FeedViewController.swift in Sources */ = {isa = PBXBuildFile; fileRef = 39C8DD5423981D1F00D73109 /* FeedViewController.swift */; };
		39D30C762396E64900B49EB2 /* AppDelegate.swift in Sources */ = {isa = PBXBuildFile; fileRef = 39D30C752396E64900B49EB2 /* AppDelegate.swift */; };
		39D30C782396E64900B49EB2 /* SceneDelegate.swift in Sources */ = {isa = PBXBuildFile; fileRef = 39D30C772396E64900B49EB2 /* SceneDelegate.swift */; };
		39D30C7F2396E64E00B49EB2 /* Assets.xcassets in Resources */ = {isa = PBXBuildFile; fileRef = 39D30C7E2396E64E00B49EB2 /* Assets.xcassets */; };
		39D30C822396E64E00B49EB2 /* LaunchScreen.storyboard in Resources */ = {isa = PBXBuildFile; fileRef = 39D30C802396E64E00B49EB2 /* LaunchScreen.storyboard */; };
/* End PBXBuildFile section */

/* Begin PBXFileReference section */
		391CD1FA23982F600062A84F /* FeedView.swift */ = {isa = PBXFileReference; lastKnownFileType = sourcecode.swift; path = FeedView.swift; sourceTree = "<group>"; };
		391CD1FC239831150062A84F /* WmsyHeader.swift */ = {isa = PBXFileReference; lastKnownFileType = sourcecode.swift; path = WmsyHeader.swift; sourceTree = "<group>"; };
		39288D4D23997ADD00C39BF1 /* FilterBar.swift */ = {isa = PBXFileReference; lastKnownFileType = sourcecode.swift; path = FilterBar.swift; sourceTree = "<group>"; };
		39288D4F23997B3800C39BF1 /* FilterCell.swift */ = {isa = PBXFileReference; lastKnownFileType = sourcecode.swift; path = FilterCell.swift; sourceTree = "<group>"; };
		39C2371D239D70BE00A46148 /* UIViewExtention.swift */ = {isa = PBXFileReference; lastKnownFileType = sourcecode.swift; path = UIViewExtention.swift; sourceTree = "<group>"; };
		39C8DD5423981D1F00D73109 /* FeedViewController.swift */ = {isa = PBXFileReference; lastKnownFileType = sourcecode.swift; path = FeedViewController.swift; sourceTree = "<group>"; };
		39D30C722396E64900B49EB2 /* wmsy_.app */ = {isa = PBXFileReference; explicitFileType = wrapper.application; includeInIndex = 0; path = wmsy_.app; sourceTree = BUILT_PRODUCTS_DIR; };
		39D30C752396E64900B49EB2 /* AppDelegate.swift */ = {isa = PBXFileReference; lastKnownFileType = sourcecode.swift; path = AppDelegate.swift; sourceTree = "<group>"; };
		39D30C772396E64900B49EB2 /* SceneDelegate.swift */ = {isa = PBXFileReference; lastKnownFileType = sourcecode.swift; path = SceneDelegate.swift; sourceTree = "<group>"; };
		39D30C7E2396E64E00B49EB2 /* Assets.xcassets */ = {isa = PBXFileReference; lastKnownFileType = folder.assetcatalog; path = Assets.xcassets; sourceTree = "<group>"; };
		39D30C812396E64E00B49EB2 /* Base */ = {isa = PBXFileReference; lastKnownFileType = file.storyboard; name = Base; path = Base.lproj/LaunchScreen.storyboard; sourceTree = "<group>"; };
		39D30C832396E64E00B49EB2 /* Info.plist */ = {isa = PBXFileReference; lastKnownFileType = text.plist.xml; path = Info.plist; sourceTree = "<group>"; };
/* End PBXFileReference section */

/* Begin PBXFrameworksBuildPhase section */
		39D30C6F2396E64900B49EB2 /* Frameworks */ = {
			isa = PBXFrameworksBuildPhase;
			buildActionMask = 2147483647;
			files = (
			);
			runOnlyForDeploymentPostprocessing = 0;
		};
/* End PBXFrameworksBuildPhase section */

/* Begin PBXGroup section */
		39C8DD5323981D1100D73109 /* Pages */ = {
			isa = PBXGroup;
			children = (
				39C8DD5623981D3400D73109 /* Feed */,
			);
			path = Pages;
			sourceTree = "<group>";
		};
		39C8DD5623981D3400D73109 /* Feed */ = {
			isa = PBXGroup;
			children = (
				39C8DD5423981D1F00D73109 /* FeedViewController.swift */,
				391CD1FA23982F600062A84F /* FeedView.swift */,
				39EC2B54239BE2A400AB4051 /* Supporting Views */,
			);
			path = Feed;
			sourceTree = "<group>";
		};
		39C8DD5723981D5200D73109 /* Supporting Files */ = {
			isa = PBXGroup;
			children = (
				39D30C752396E64900B49EB2 /* AppDelegate.swift */,
				39D30C772396E64900B49EB2 /* SceneDelegate.swift */,
				39C2371D239D70BE00A46148 /* UIViewExtention.swift */,
			);
			path = "Supporting Files";
			sourceTree = "<group>";
		};
		39D30C692396E64800B49EB2 = {
			isa = PBXGroup;
			children = (
				39D30C742396E64900B49EB2 /* wmsy_ */,
				39D30C732396E64900B49EB2 /* Products */,
			);
			sourceTree = "<group>";
		};
		39D30C732396E64900B49EB2 /* Products */ = {
			isa = PBXGroup;
			children = (
				39D30C722396E64900B49EB2 /* wmsy_.app */,
			);
			name = Products;
			sourceTree = "<group>";
		};
		39D30C742396E64900B49EB2 /* wmsy_ */ = {
			isa = PBXGroup;
			children = (
				39C8DD5323981D1100D73109 /* Pages */,
				39C8DD5723981D5200D73109 /* Supporting Files */,
				39D30C7E2396E64E00B49EB2 /* Assets.xcassets */,
				39D30C802396E64E00B49EB2 /* LaunchScreen.storyboard */,
				39D30C832396E64E00B49EB2 /* Info.plist */,
			);
			path = wmsy_;
			sourceTree = "<group>";
		};
		39EC2B54239BE2A400AB4051 /* Supporting Views */ = {
			isa = PBXGroup;
			children = (
				39288D4D23997ADD00C39BF1 /* FilterBar.swift */,
				39288D4F23997B3800C39BF1 /* FilterCell.swift */,
				391CD1FC239831150062A84F /* WmsyHeader.swift */,
			);
			path = "Supporting Views";
			sourceTree = "<group>";
		};
/* End PBXGroup section */

/* Begin PBXNativeTarget section */
		39D30C712396E64900B49EB2 /* wmsy_ */ = {
			isa = PBXNativeTarget;
			buildConfigurationList = 39D30C862396E64E00B49EB2 /* Build configuration list for PBXNativeTarget "wmsy_" */;
			buildPhases = (
				39D30C6E2396E64900B49EB2 /* Sources */,
				39D30C6F2396E64900B49EB2 /* Frameworks */,
				39D30C702396E64900B49EB2 /* Resources */,
			);
			buildRules = (
			);
			dependencies = (
			);
			name = wmsy_;
			productName = wmsy_;
			productReference = 39D30C722396E64900B49EB2 /* wmsy_.app */;
			productType = "com.apple.product-type.application";
		};
/* End PBXNativeTarget section */

/* Begin PBXProject section */
		39D30C6A2396E64800B49EB2 /* Project object */ = {
			isa = PBXProject;
			attributes = {
				LastSwiftUpdateCheck = 1120;
				LastUpgradeCheck = 1120;
				ORGANIZATIONNAME = Lynk;
				TargetAttributes = {
					39D30C712396E64900B49EB2 = {
						CreatedOnToolsVersion = 11.2;
					};
				};
			};
			buildConfigurationList = 39D30C6D2396E64800B49EB2 /* Build configuration list for PBXProject "wmsy_" */;
			compatibilityVersion = "Xcode 9.3";
			developmentRegion = en;
			hasScannedForEncodings = 0;
			knownRegions = (
				en,
				Base,
			);
			mainGroup = 39D30C692396E64800B49EB2;
			productRefGroup = 39D30C732396E64900B49EB2 /* Products */;
			projectDirPath = "";
			projectRoot = "";
			targets = (
				39D30C712396E64900B49EB2 /* wmsy_ */,
			);
		};
/* End PBXProject section */

/* Begin PBXResourcesBuildPhase section */
		39D30C702396E64900B49EB2 /* Resources */ = {
			isa = PBXResourcesBuildPhase;
			buildActionMask = 2147483647;
			files = (
				39D30C822396E64E00B49EB2 /* LaunchScreen.storyboard in Resources */,
				39D30C7F2396E64E00B49EB2 /* Assets.xcassets in Resources */,
			);
			runOnlyForDeploymentPostprocessing = 0;
		};
/* End PBXResourcesBuildPhase section */

/* Begin PBXSourcesBuildPhase section */
		39D30C6E2396E64900B49EB2 /* Sources */ = {
			isa = PBXSourcesBuildPhase;
			buildActionMask = 2147483647;
			files = (
				39288D5023997B3800C39BF1 /* FilterCell.swift in Sources */,
				391CD1FB23982F600062A84F /* FeedView.swift in Sources */,
				39D30C762396E64900B49EB2 /* AppDelegate.swift in Sources */,
				39C8DD5523981D1F00D73109 /* FeedViewController.swift in Sources */,
				39D30C782396E64900B49EB2 /* SceneDelegate.swift in Sources */,
				391CD1FD239831150062A84F /* WmsyHeader.swift in Sources */,
				39288D4E23997ADD00C39BF1 /* FilterBar.swift in Sources */,
				39C2371E239D70BE00A46148 /* UIViewExtention.swift in Sources */,
			);
			runOnlyForDeploymentPostprocessing = 0;
		};
/* End PBXSourcesBuildPhase section */

/* Begin PBXVariantGroup section */
		39D30C802396E64E00B49EB2 /* LaunchScreen.storyboard */ = {
			isa = PBXVariantGroup;
			children = (
				39D30C812396E64E00B49EB2 /* Base */,
			);
			name = LaunchScreen.storyboard;
			sourceTree = "<group>";
		};
/* End PBXVariantGroup section */

/* Begin XCBuildConfiguration section */
		39D30C842396E64E00B49EB2 /* Debug */ = {
			isa = XCBuildConfiguration;
			buildSettings = {
				ALWAYS_SEARCH_USER_PATHS = NO;
				CLANG_ANALYZER_NONNULL = YES;
				CLANG_ANALYZER_NUMBER_OBJECT_CONVERSION = YES_AGGRESSIVE;
				CLANG_CXX_LANGUAGE_STANDARD = "gnu++14";
				CLANG_CXX_LIBRARY = "libc++";
				CLANG_ENABLE_MODULES = YES;
				CLANG_ENABLE_OBJC_ARC = YES;
				CLANG_ENABLE_OBJC_WEAK = YES;
				CLANG_WARN_BLOCK_CAPTURE_AUTORELEASING = YES;
				CLANG_WARN_BOOL_CONVERSION = YES;
				CLANG_WARN_COMMA = YES;
				CLANG_WARN_CONSTANT_CONVERSION = YES;
				CLANG_WARN_DEPRECATED_OBJC_IMPLEMENTATIONS = YES;
				CLANG_WARN_DIRECT_OBJC_ISA_USAGE = YES_ERROR;
				CLANG_WARN_DOCUMENTATION_COMMENTS = YES;
				CLANG_WARN_EMPTY_BODY = YES;
				CLANG_WARN_ENUM_CONVERSION = YES;
				CLANG_WARN_INFINITE_RECURSION = YES;
				CLANG_WARN_INT_CONVERSION = YES;
				CLANG_WARN_NON_LITERAL_NULL_CONVERSION = YES;
				CLANG_WARN_OBJC_IMPLICIT_RETAIN_SELF = YES;
				CLANG_WARN_OBJC_LITERAL_CONVERSION = YES;
				CLANG_WARN_OBJC_ROOT_CLASS = YES_ERROR;
				CLANG_WARN_RANGE_LOOP_ANALYSIS = YES;
				CLANG_WARN_STRICT_PROTOTYPES = YES;
				CLANG_WARN_SUSPICIOUS_MOVE = YES;
				CLANG_WARN_UNGUARDED_AVAILABILITY = YES_AGGRESSIVE;
				CLANG_WARN_UNREACHABLE_CODE = YES;
				CLANG_WARN__DUPLICATE_METHOD_MATCH = YES;
				COPY_PHASE_STRIP = NO;
				DEBUG_INFORMATION_FORMAT = dwarf;
				ENABLE_STRICT_OBJC_MSGSEND = YES;
				ENABLE_TESTABILITY = YES;
				GCC_C_LANGUAGE_STANDARD = gnu11;
				GCC_DYNAMIC_NO_PIC = NO;
				GCC_NO_COMMON_BLOCKS = YES;
				GCC_OPTIMIZATION_LEVEL = 0;
				GCC_PREPROCESSOR_DEFINITIONS = (
					"DEBUG=1",
					"$(inherited)",
				);
				GCC_WARN_64_TO_32_BIT_CONVERSION = YES;
				GCC_WARN_ABOUT_RETURN_TYPE = YES_ERROR;
				GCC_WARN_UNDECLARED_SELECTOR = YES;
				GCC_WARN_UNINITIALIZED_AUTOS = YES_AGGRESSIVE;
				GCC_WARN_UNUSED_FUNCTION = YES;
				GCC_WARN_UNUSED_VARIABLE = YES;
				IPHONEOS_DEPLOYMENT_TARGET = 13.2;
				MTL_ENABLE_DEBUG_INFO = INCLUDE_SOURCE;
				MTL_FAST_MATH = YES;
				ONLY_ACTIVE_ARCH = YES;
				SDKROOT = iphoneos;
				SWIFT_ACTIVE_COMPILATION_CONDITIONS = DEBUG;
				SWIFT_OPTIMIZATION_LEVEL = "-Onone";
			};
			name = Debug;
		};
		39D30C852396E64E00B49EB2 /* Release */ = {
			isa = XCBuildConfiguration;
			buildSettings = {
				ALWAYS_SEARCH_USER_PATHS = NO;
				CLANG_ANALYZER_NONNULL = YES;
				CLANG_ANALYZER_NUMBER_OBJECT_CONVERSION = YES_AGGRESSIVE;
				CLANG_CXX_LANGUAGE_STANDARD = "gnu++14";
				CLANG_CXX_LIBRARY = "libc++";
				CLANG_ENABLE_MODULES = YES;
				CLANG_ENABLE_OBJC_ARC = YES;
				CLANG_ENABLE_OBJC_WEAK = YES;
				CLANG_WARN_BLOCK_CAPTURE_AUTORELEASING = YES;
				CLANG_WARN_BOOL_CONVERSION = YES;
				CLANG_WARN_COMMA = YES;
				CLANG_WARN_CONSTANT_CONVERSION = YES;
				CLANG_WARN_DEPRECATED_OBJC_IMPLEMENTATIONS = YES;
				CLANG_WARN_DIRECT_OBJC_ISA_USAGE = YES_ERROR;
				CLANG_WARN_DOCUMENTATION_COMMENTS = YES;
				CLANG_WARN_EMPTY_BODY = YES;
				CLANG_WARN_ENUM_CONVERSION = YES;
				CLANG_WARN_INFINITE_RECURSION = YES;
				CLANG_WARN_INT_CONVERSION = YES;
				CLANG_WARN_NON_LITERAL_NULL_CONVERSION = YES;
				CLANG_WARN_OBJC_IMPLICIT_RETAIN_SELF = YES;
				CLANG_WARN_OBJC_LITERAL_CONVERSION = YES;
				CLANG_WARN_OBJC_ROOT_CLASS = YES_ERROR;
				CLANG_WARN_RANGE_LOOP_ANALYSIS = YES;
				CLANG_WARN_STRICT_PROTOTYPES = YES;
				CLANG_WARN_SUSPICIOUS_MOVE = YES;
				CLANG_WARN_UNGUARDED_AVAILABILITY = YES_AGGRESSIVE;
				CLANG_WARN_UNREACHABLE_CODE = YES;
				CLANG_WARN__DUPLICATE_METHOD_MATCH = YES;
				COPY_PHASE_STRIP = NO;
				DEBUG_INFORMATION_FORMAT = "dwarf-with-dsym";
				ENABLE_NS_ASSERTIONS = NO;
				ENABLE_STRICT_OBJC_MSGSEND = YES;
				GCC_C_LANGUAGE_STANDARD = gnu11;
				GCC_NO_COMMON_BLOCKS = YES;
				GCC_WARN_64_TO_32_BIT_CONVERSION = YES;
				GCC_WARN_ABOUT_RETURN_TYPE = YES_ERROR;
				GCC_WARN_UNDECLARED_SELECTOR = YES;
				GCC_WARN_UNINITIALIZED_AUTOS = YES_AGGRESSIVE;
				GCC_WARN_UNUSED_FUNCTION = YES;
				GCC_WARN_UNUSED_VARIABLE = YES;
				IPHONEOS_DEPLOYMENT_TARGET = 13.2;
				MTL_ENABLE_DEBUG_INFO = NO;
				MTL_FAST_MATH = YES;
				SDKROOT = iphoneos;
				SWIFT_COMPILATION_MODE = wholemodule;
				SWIFT_OPTIMIZATION_LEVEL = "-O";
				VALIDATE_PRODUCT = YES;
			};
			name = Release;
		};
		39D30C872396E64E00B49EB2 /* Debug */ = {
			isa = XCBuildConfiguration;
			buildSettings = {
				ASSETCATALOG_COMPILER_APPICON_NAME = AppIcon;
				CODE_SIGN_STYLE = Automatic;
				DEVELOPMENT_TEAM = 3B9BY3LUJD;
				INFOPLIST_FILE = wmsy_/Info.plist;
				LD_RUNPATH_SEARCH_PATHS = (
					"$(inherited)",
					"@executable_path/Frameworks",
				);
				PRODUCT_BUNDLE_IDENTIFIER = "lynk.wmsy-";
				PRODUCT_NAME = "$(TARGET_NAME)";
				SWIFT_VERSION = 5.0;
				TARGETED_DEVICE_FAMILY = "1,2";
			};
			name = Debug;
		};
		39D30C882396E64E00B49EB2 /* Release */ = {
			isa = XCBuildConfiguration;
			buildSettings = {
				ASSETCATALOG_COMPILER_APPICON_NAME = AppIcon;
				CODE_SIGN_STYLE = Automatic;
				DEVELOPMENT_TEAM = 3B9BY3LUJD;
				INFOPLIST_FILE = wmsy_/Info.plist;
				LD_RUNPATH_SEARCH_PATHS = (
					"$(inherited)",
					"@executable_path/Frameworks",
				);
				PRODUCT_BUNDLE_IDENTIFIER = "lynk.wmsy-";
				PRODUCT_NAME = "$(TARGET_NAME)";
				SWIFT_VERSION = 5.0;
				TARGETED_DEVICE_FAMILY = "1,2";
			};
			name = Release;
		};
/* End XCBuildConfiguration section */

/* Begin XCConfigurationList section */
		39D30C6D2396E64800B49EB2 /* Build configuration list for PBXProject "wmsy_" */ = {
			isa = XCConfigurationList;
			buildConfigurations = (
				39D30C842396E64E00B49EB2 /* Debug */,
				39D30C852396E64E00B49EB2 /* Release */,
			);
			defaultConfigurationIsVisible = 0;
			defaultConfigurationName = Release;
		};
		39D30C862396E64E00B49EB2 /* Build configuration list for PBXNativeTarget "wmsy_" */ = {
			isa = XCConfigurationList;
			buildConfigurations = (
				39D30C872396E64E00B49EB2 /* Debug */,
				39D30C882396E64E00B49EB2 /* Release */,
			);
			defaultConfigurationIsVisible = 0;
			defaultConfigurationName = Release;
		};
/* End XCConfigurationList section */
	};
	rootObject = 39D30C6A2396E64800B49EB2 /* Project object */;
}
