PODS:
  - Bolts (1.9.0):
    - Bolts/AppLinks (= 1.9.0)
    - Bolts/Tasks (= 1.9.0)
  - Bolts/AppLinks (1.9.0):
    - Bolts/Tasks
  - Bolts/Tasks (1.9.0)
  - FacebookCore (0.3.0):
    - Bolts (~> 1.8)
    - FBSDKCoreKit (~> 4.27)
  - FacebookLogin (0.3.0):
    - Bolts (~> 1.8)
    - FacebookCore (~> 0.3)
    - FBSDKCoreKit (~> 4.27)
    - FBSDKLoginKit (~> 4.27)
  - FacebookShare (0.3.0):
    - Bolts (~> 1.8)
    - FacebookCore (~> 0.3)
    - FBSDKCoreKit (~> 4.27)
    - FBSDKShareKit (~> 4.27)
  - FBSDKCoreKit (4.31.1):
    - Bolts (~> 1.7)
  - FBSDKLoginKit (4.31.1):
    - FBSDKCoreKit
  - FBSDKShareKit (4.31.1):
    - FBSDKCoreKit (~> 4.31.1)
  - Firebase (4.11.0):
    - Firebase/Core (= 4.11.0)
  - Firebase/Auth (4.11.0):
    - Firebase/Core
    - FirebaseAuth (= 4.5.0)
  - Firebase/Core (4.11.0):
    - FirebaseAnalytics (= 4.1.0)
    - FirebaseCore (= 4.0.18)
  - Firebase/Database (4.11.0):
    - Firebase/Core
    - FirebaseDatabase (= 4.1.5)
  - Firebase/Storage (4.11.0):
    - Firebase/Core
    - FirebaseStorage (= 2.1.3)
  - FirebaseAnalytics (4.1.0):
    - FirebaseCore (~> 4.0)
    - FirebaseInstanceID (~> 2.0)
    - GoogleToolboxForMac/NSData+zlib (~> 2.1)
    - nanopb (~> 0.3)
  - FirebaseAuth (4.5.0):
    - FirebaseAnalytics (~> 4.1)
    - GoogleToolboxForMac/NSDictionary+URLArguments (~> 2.1)
    - GTMSessionFetcher/Core (~> 1.1)
  - FirebaseCore (4.0.18):
    - GoogleToolboxForMac/NSData+zlib (~> 2.1)
  - FirebaseDatabase (4.1.5):
    - FirebaseAnalytics (~> 4.1)
    - FirebaseCore (~> 4.0)
    - leveldb-library (~> 1.18)
  - FirebaseInstanceID (2.0.10):
    - FirebaseCore (~> 4.0)
  - FirebaseStorage (2.1.3):
    - FirebaseAnalytics (~> 4.1)
    - FirebaseCore (~> 4.0)
    - GTMSessionFetcher/Core (~> 1.1)
  - GoogleMaps (2.6.0):
    - GoogleMaps/Maps (= 2.6.0)
  - GoogleMaps/Base (2.6.0)
  - GoogleMaps/Maps (2.6.0):
    - GoogleMaps/Base
  - GoogleToolboxForMac/DebugUtils (2.1.3):
    - GoogleToolboxForMac/Defines (= 2.1.3)
  - GoogleToolboxForMac/Defines (2.1.3)
  - GoogleToolboxForMac/NSData+zlib (2.1.3):
    - GoogleToolboxForMac/Defines (= 2.1.3)
  - GoogleToolboxForMac/NSDictionary+URLArguments (2.1.3):
    - GoogleToolboxForMac/DebugUtils (= 2.1.3)
    - GoogleToolboxForMac/Defines (= 2.1.3)
    - GoogleToolboxForMac/NSString+URLArguments (= 2.1.3)
  - GoogleToolboxForMac/NSString+URLArguments (2.1.3)
  - GTMSessionFetcher/Core (1.1.14)
  - Kingfisher (4.6.4)
  - leveldb-library (1.20)
  - nanopb (0.3.8):
    - nanopb/decode (= 0.3.8)
    - nanopb/encode (= 0.3.8)
  - nanopb/decode (0.3.8)
  - nanopb/encode (0.3.8)
  - SnapKit (4.0.0)
  - SVProgressHUD (2.2.5)
  - TextFieldEffects (1.4.0)
  - Toucan (1.0.0)

DEPENDENCIES:
  - FacebookCore
  - FacebookLogin
  - FacebookShare
  - Firebase
  - Firebase/Auth
  - Firebase/Database
  - Firebase/Storage
  - GoogleMaps
  - Kingfisher (~> 4.0)
  - SnapKit (~> 4.0)
  - SVProgressHUD
  - TextFieldEffects
  - Toucan

SPEC CHECKSUMS:
  Bolts: ac6567323eac61e203f6a9763667d0f711be34c8
  FacebookCore: 3ffa190a3f1f96cec0e44d3fc221bc322c595ffa
  FacebookLogin: 0af839ea858faef99550d16596b87b4a8e8906e6
  FacebookShare: 0469964297ebd75f052be2c5083389a4208e82b7
  FBSDKCoreKit: e08ccfcefa7bc1347a07c276dac9bf6c7fe57024
  FBSDKLoginKit: 99797ac39252fef6f72600b886f6ee60b4b29cab
  FBSDKShareKit: e640c41c9fcd61929eeb3d0c21ad335103e7cb62
  Firebase: cc13dfab1038c8b45d7903e01fc690451d6d0b24
  FirebaseAnalytics: 3dfae28d4a5e06f86c4fae830efc2ad3fadb19bc
  FirebaseAuth: 147bf340a0706b44ca1753d6b41ebafd9687cfe6
  FirebaseCore: b981f47e5254cbcfdeb483355300d743f6fcab2c
  FirebaseDatabase: 5f0bc6134c5c237cf55f9e1249d406770a75eafd
  FirebaseInstanceID: 8d20d890d65c917f9f7d9950b6e10a760ad34321
  FirebaseStorage: 9a863a2bb96c406958eeff7c2f1dfa9f44c44a13
  GoogleMaps: 42f91c68b7fa2f84d5c86597b18ceb99f5414c7f
  GoogleToolboxForMac: 2501e2ad72a52eb3dfe7bd9aee7dad11b858bd20
  GTMSessionFetcher: 390ea358e5a0d0133153806f744662dad933d06b
  Kingfisher: 68498a706e46c2a050b0c9572f100e5db407f6e0
  leveldb-library: 08cba283675b7ed2d99629a4bc5fd052cd2bb6a5
  nanopb: 5601e6bca2dbf1ed831b519092ec110f66982ca3
  SnapKit: a42d492c16e80209130a3379f73596c3454b7694
  SVProgressHUD: 1428aafac632c1f86f62aa4243ec12008d7a51d6
  TextFieldEffects: 4ee41b5216e674d55fb6ac25107bf1af7629176f
  Toucan: 61867fb10948c02e9804280a95eb183e98eac97a

PODFILE CHECKSUM: 714ee37d58bb5327ae08c1fd7a96146159129bdd

COCOAPODS: 1.4.0
