PODS:
  - GoogleMaps (2.6.0):
    - GoogleMaps/Maps (= 2.6.0)
  - GoogleMaps/Base (2.6.0)
  - GoogleMaps/Maps (2.6.0):
    - GoogleMaps/Base
  - Kingfisher (4.6.4)

DEPENDENCIES:
  - GoogleMaps
  - Kingfisher

SPEC REPOS:
  trunk:
    - GoogleMaps
    - Kingfisher

SPEC CHECKSUMS:
  GoogleMaps: 42f91c68b7fa2f84d5c86597b18ceb99f5414c7f
  Kingfisher: 68498a706e46c2a050b0c9572f100e5db407f6e0

PODFILE CHECKSUM: dac58797ed291d33e60afa1ed4045862d0d0b16a

COCOAPODS: 1.8.4
