// !$*UTF8*$!
{
	archiveVersion = 1;
	classes = {
	};
	objectVersion = 48;
	objects = {

/* Begin PBXBuildFile section */
		8107D92420729A9100CEC5B2 /* AppUser+CurrentUser.swift in Sources */ = {isa = PBXBuildFile; fileRef = 8107D92320729A9100CEC5B2 /* AppUser+CurrentUser.swift */; };
		810816B2207465EA00E59456 /* WMSYNavigationBarController.swift in Sources */ = {isa = PBXBuildFile; fileRef = 810816B1207465EA00E59456 /* WMSYNavigationBarController.swift */; };
		810816B4207718D600E59456 /* NavView.swift in Sources */ = {isa = PBXBuildFile; fileRef = 810816B3207718D600E59456 /* NavView.swift */; };
		811FFB5720606B5500F3312B /* CollapsedFeedCellView.swift in Sources */ = {isa = PBXBuildFile; fileRef = 811FFB5620606B5500F3312B /* CollapsedFeedCellView.swift */; };
		811FFB9720615B6200F3312B /* DBService+Whim.swift in Sources */ = {isa = PBXBuildFile; fileRef = 811FFB9620615B6100F3312B /* DBService+Whim.swift */; };
		811FFB9920615B6900F3312B /* NotificationManager.swift in Sources */ = {isa = PBXBuildFile; fileRef = 811FFB9820615B6900F3312B /* NotificationManager.swift */; };
		811FFB9B20616B1E00F3312B /* DBService+Message.swift in Sources */ = {isa = PBXBuildFile; fileRef = 811FFB9A20616B1E00F3312B /* DBService+Message.swift */; };
		81202D86206BEBC200CC5588 /* MenuNavigationBarVC.swift in Sources */ = {isa = PBXBuildFile; fileRef = 81202D85206BEBC200CC5588 /* MenuNavigationBarVC.swift */; };
		81202D88206BECCB00CC5588 /* MenuPagesVC.swift in Sources */ = {isa = PBXBuildFile; fileRef = 81202D87206BECCB00CC5588 /* MenuPagesVC.swift */; };
		81202D8A206BED3C00CC5588 /* MenuProfileVC.swift in Sources */ = {isa = PBXBuildFile; fileRef = 81202D89206BED3C00CC5588 /* MenuProfileVC.swift */; };
		81202D8C206BEE0E00CC5588 /* MenuChatsList.swift in Sources */ = {isa = PBXBuildFile; fileRef = 81202D8B206BEE0E00CC5588 /* MenuChatsList.swift */; };
		812112E120609D3F002D80C2 /* AuthUserService.swift in Sources */ = {isa = PBXBuildFile; fileRef = 812112E020609D3F002D80C2 /* AuthUserService.swift */; };
		812112E320615BF7002D80C2 /* DBService+Get.swift in Sources */ = {isa = PBXBuildFile; fileRef = 812112E220615BF7002D80C2 /* DBService+Get.swift */; };
		812112E52062C856002D80C2 /* Alert.swift in Sources */ = {isa = PBXBuildFile; fileRef = 812112E42062C856002D80C2 /* Alert.swift */; };
		812112E72062F660002D80C2 /* AddWhimLocationViewController.swift in Sources */ = {isa = PBXBuildFile; fileRef = 812112E62062F660002D80C2 /* AddWhimLocationViewController.swift */; };
		812112E92062F7D3002D80C2 /* AddWhimLocationView.swift in Sources */ = {isa = PBXBuildFile; fileRef = 812112E82062F7D3002D80C2 /* AddWhimLocationView.swift */; };
		812112EB20632889002D80C2 /* ChatGuestCollectionViewCell.swift in Sources */ = {isa = PBXBuildFile; fileRef = 812112EA20632889002D80C2 /* ChatGuestCollectionViewCell.swift */; };
		81337775206A960B00F1F657 /* FeedMapVC+Feed.swift in Sources */ = {isa = PBXBuildFile; fileRef = 81337774206A960B00F1F657 /* FeedMapVC+Feed.swift */; };
		81337777206A978900F1F657 /* FeedMapVC+Map.swift in Sources */ = {isa = PBXBuildFile; fileRef = 81337776206A978900F1F657 /* FeedMapVC+Map.swift */; };
		81337779206A98BD00F1F657 /* FeedMapVC+Filter.swift in Sources */ = {isa = PBXBuildFile; fileRef = 81337778206A98BD00F1F657 /* FeedMapVC+Filter.swift */; };
		8139A99D205C2E9F006C7058 /* GoogleService-Info.plist in Resources */ = {isa = PBXBuildFile; fileRef = 8139A99C205C2E9F006C7058 /* GoogleService-Info.plist */; };
		8139A99F205C309F006C7058 /* Whim.swift in Sources */ = {isa = PBXBuildFile; fileRef = 8139A99E205C309F006C7058 /* Whim.swift */; };
		8139A9A2205C30D7006C7058 /* CreateWhimTVC.swift in Sources */ = {isa = PBXBuildFile; fileRef = 8139A9A1205C30D7006C7058 /* CreateWhimTVC.swift */; };
		8139A9A6205C3130006C7058 /* CreateWhimView.swift in Sources */ = {isa = PBXBuildFile; fileRef = 8139A9A5205C3130006C7058 /* CreateWhimView.swift */; };
		816D11CA206C333F001D199C /* ChatInfoView.swift in Sources */ = {isa = PBXBuildFile; fileRef = 816D11C9206C333F001D199C /* ChatInfoView.swift */; };
		81903105205ADCF200932A55 /* AppDelegate.swift in Sources */ = {isa = PBXBuildFile; fileRef = 81903104205ADCF200932A55 /* AppDelegate.swift */; };
		8190310A205ADCF200932A55 /* Main.storyboard in Resources */ = {isa = PBXBuildFile; fileRef = 81903108205ADCF200932A55 /* Main.storyboard */; };
		8190310C205ADCF200932A55 /* Assets.xcassets in Resources */ = {isa = PBXBuildFile; fileRef = 8190310B205ADCF200932A55 /* Assets.xcassets */; };
		8190310F205ADCF200932A55 /* LaunchScreen.storyboard in Resources */ = {isa = PBXBuildFile; fileRef = 8190310D205ADCF200932A55 /* LaunchScreen.storyboard */; };
		8190311A205ADCF200932A55 /* wmsyTests.swift in Sources */ = {isa = PBXBuildFile; fileRef = 81903119205ADCF200932A55 /* wmsyTests.swift */; };
		8196983B2072D970000267A6 /* Interest.swift in Sources */ = {isa = PBXBuildFile; fileRef = 8196983A2072D970000267A6 /* Interest.swift */; };
		81A57A512068952D00E4BE0B /* DBService+Interest.swift in Sources */ = {isa = PBXBuildFile; fileRef = 81A57A502068952D00E4BE0B /* DBService+Interest.swift */; };
		81A57A5320697D7000E4BE0B /* MenuData.swift in Sources */ = {isa = PBXBuildFile; fileRef = 81A57A5220697D7000E4BE0B /* MenuData.swift */; };
		81AB7ABA205C800E009845EA /* WhimTitleTableViewCell.swift in Sources */ = {isa = PBXBuildFile; fileRef = 81AB7AB9205C800E009845EA /* WhimTitleTableViewCell.swift */; };
		81AB7ABC205C8024009845EA /* WhimDescriptionTableViewCell.swift in Sources */ = {isa = PBXBuildFile; fileRef = 81AB7ABB205C8024009845EA /* WhimDescriptionTableViewCell.swift */; };
		81AB7ABE205C805A009845EA /* WhimExpirationTableViewCell.swift in Sources */ = {isa = PBXBuildFile; fileRef = 81AB7ABD205C805A009845EA /* WhimExpirationTableViewCell.swift */; };
		81AB7AC0205C806C009845EA /* WhimLocationTableViewCell.swift in Sources */ = {isa = PBXBuildFile; fileRef = 81AB7ABF205C806C009845EA /* WhimLocationTableViewCell.swift */; };
		81AB7AC2205C80B4009845EA /* WhimCategoryTableViewCell.swift in Sources */ = {isa = PBXBuildFile; fileRef = 81AB7AC1205C80B4009845EA /* WhimCategoryTableViewCell.swift */; };
		81AB7AC4205C80FC009845EA /* HostAWhimButtonTableViewCell.swift in Sources */ = {isa = PBXBuildFile; fileRef = 81AB7AC3205C80FC009845EA /* HostAWhimButtonTableViewCell.swift */; };
		81AB7AC6205C94DD009845EA /* WhimCategoryCollectionViewCell.swift in Sources */ = {isa = PBXBuildFile; fileRef = 81AB7AC5205C94DD009845EA /* WhimCategoryCollectionViewCell.swift */; };
		81AB7AC8205C9548009845EA /* Stylesheet.swift in Sources */ = {isa = PBXBuildFile; fileRef = 81AB7AC7205C9548009845EA /* Stylesheet.swift */; };
		81AB7ACB205CA256009845EA /* Categories.swift in Sources */ = {isa = PBXBuildFile; fileRef = 81AB7ACA205CA256009845EA /* Categories.swift */; };
		81B928E120617D07002CD355 /* ChatView.swift in Sources */ = {isa = PBXBuildFile; fileRef = 81B928E020617D07002CD355 /* ChatView.swift */; };
		81B928E320618D41002CD355 /* CurrentUserMessageCell.swift in Sources */ = {isa = PBXBuildFile; fileRef = 81B928E220618D40002CD355 /* CurrentUserMessageCell.swift */; };
		81B928E520618D54002CD355 /* OtherUserMessageCell.swift in Sources */ = {isa = PBXBuildFile; fileRef = 81B928E420618D54002CD355 /* OtherUserMessageCell.swift */; };
		81B928E720618D64002CD355 /* NotificationTableViewCell.swift in Sources */ = {isa = PBXBuildFile; fileRef = 81B928E620618D64002CD355 /* NotificationTableViewCell.swift */; };
		81B928E920618D76002CD355 /* LocationDetailsTableViewCell.swift in Sources */ = {isa = PBXBuildFile; fileRef = 81B928E820618D76002CD355 /* LocationDetailsTableViewCell.swift */; };
		81BAD676205AED5D00C7F039 /* LoginVC.swift in Sources */ = {isa = PBXBuildFile; fileRef = 81BAD675205AED5D00C7F039 /* LoginVC.swift */; };
		81BAD678205AED7100C7F039 /* LoginView.swift in Sources */ = {isa = PBXBuildFile; fileRef = 81BAD677205AED7100C7F039 /* LoginView.swift */; };
		81BAD67B205AEDAA00C7F039 /* FeedMapVC.swift in Sources */ = {isa = PBXBuildFile; fileRef = 81BAD67A205AEDAA00C7F039 /* FeedMapVC.swift */; };
		81BAD67D205AEDBF00C7F039 /* FeedView.swift in Sources */ = {isa = PBXBuildFile; fileRef = 81BAD67C205AEDBF00C7F039 /* FeedView.swift */; };
		81BAD67F205AEDC800C7F039 /* MapView.swift in Sources */ = {isa = PBXBuildFile; fileRef = 81BAD67E205AEDC800C7F039 /* MapView.swift */; };
		81BAD689205AEEC300C7F039 /* AppUser.swift in Sources */ = {isa = PBXBuildFile; fileRef = 81BAD688205AEEC300C7F039 /* AppUser.swift */; };
		81BAD68F205AEEE200C7F039 /* Message.swift in Sources */ = {isa = PBXBuildFile; fileRef = 81BAD68E205AEEE200C7F039 /* Message.swift */; };
		81BAD691205AEF6600C7F039 /* SideMenuVC.swift in Sources */ = {isa = PBXBuildFile; fileRef = 81BAD690205AEF6600C7F039 /* SideMenuVC.swift */; };
		81BAD695205AEF8900C7F039 /* ProfileView.swift in Sources */ = {isa = PBXBuildFile; fileRef = 81BAD694205AEF8900C7F039 /* ProfileView.swift */; };
		81BAD6A1205AF06900C7F039 /* HostMessageCell.swift in Sources */ = {isa = PBXBuildFile; fileRef = 81BAD6A0205AF06900C7F039 /* HostMessageCell.swift */; };
		81BAD6A3205AF07300C7F039 /* GuestMessageCell.swift in Sources */ = {isa = PBXBuildFile; fileRef = 81BAD6A2205AF07300C7F039 /* GuestMessageCell.swift */; };
		81BAD6A5205AF08100C7F039 /* NotificationMsgCell.swift in Sources */ = {isa = PBXBuildFile; fileRef = 81BAD6A4205AF08100C7F039 /* NotificationMsgCell.swift */; };
		81BAD6A7205AF09400C7F039 /* LocationDetailsMsgCell.swift in Sources */ = {isa = PBXBuildFile; fileRef = 81BAD6A6205AF09400C7F039 /* LocationDetailsMsgCell.swift */; };
		81BAD6A9205AF0AA00C7F039 /* GuestProfileVC.swift in Sources */ = {isa = PBXBuildFile; fileRef = 81BAD6A8205AF0AA00C7F039 /* GuestProfileVC.swift */; };
		81C3AF52206D324D001686F0 /* TextInputView.swift in Sources */ = {isa = PBXBuildFile; fileRef = 81C3AF51206D324D001686F0 /* TextInputView.swift */; };
		81C3AF54206DA6AC001686F0 /* MenuNotificationTracker.swift in Sources */ = {isa = PBXBuildFile; fileRef = 81C3AF53206DA6AC001686F0 /* MenuNotificationTracker.swift */; };
		81C7DCC6207452D10008D940 /* ChatGuestsTableVC.swift in Sources */ = {isa = PBXBuildFile; fileRef = 81C7DCC5207452D10008D940 /* ChatGuestsTableVC.swift */; };
		81C7DCC8207459050008D940 /* ChatGuestTableViewCell.swift in Sources */ = {isa = PBXBuildFile; fileRef = 81C7DCC7207459050008D940 /* ChatGuestTableViewCell.swift */; };
		81D12DD120643A920056920C /* MenuChatView.swift in Sources */ = {isa = PBXBuildFile; fileRef = 81D12DD020643A920056920C /* MenuChatView.swift */; };
		81D12DD42065AA470056920C /* DataQueue.swift in Sources */ = {isa = PBXBuildFile; fileRef = 81D12DD32065AA470056920C /* DataQueue.swift */; };
		81D12DD720673AC30056920C /* ChatMessagesTableVC.swift in Sources */ = {isa = PBXBuildFile; fileRef = 81D12DD620673AC30056920C /* ChatMessagesTableVC.swift */; };
		81D12DD920673AE60056920C /* TextInputVC.swift in Sources */ = {isa = PBXBuildFile; fileRef = 81D12DD820673AE60056920C /* TextInputVC.swift */; };
		81D12DDB20673B200056920C /* InfoAndMembersCollectionVC.swift in Sources */ = {isa = PBXBuildFile; fileRef = 81D12DDA20673B1F0056920C /* InfoAndMembersCollectionVC.swift */; };
		81D12DDD20674ED70056920C /* ChatRoomVCTest.swift in Sources */ = {isa = PBXBuildFile; fileRef = 81D12DDC20674ED70056920C /* ChatRoomVCTest.swift */; };
		81DD10A82065CCC5002BAB42 /* MapDetailView.swift in Sources */ = {isa = PBXBuildFile; fileRef = 81DD10A72065CCC5002BAB42 /* MapDetailView.swift */; };
		81DECD19205C87ED00214866 /* MenuedViewController.swift in Sources */ = {isa = PBXBuildFile; fileRef = 81DECD18205C87ED00214866 /* MenuedViewController.swift */; };
		81DECD1B205C87FA00214866 /* Interactor.swift in Sources */ = {isa = PBXBuildFile; fileRef = 81DECD1A205C87FA00214866 /* Interactor.swift */; };
		81DECD1D205C881200214866 /* MenuHelper.swift in Sources */ = {isa = PBXBuildFile; fileRef = 81DECD1C205C881200214866 /* MenuHelper.swift */; };
		81DECD1F205C882100214866 /* PresentMenuAnimator.swift in Sources */ = {isa = PBXBuildFile; fileRef = 81DECD1E205C882100214866 /* PresentMenuAnimator.swift */; };
		81DECD21205C882900214866 /* DismissMenuAnimator.swift in Sources */ = {isa = PBXBuildFile; fileRef = 81DECD20205C882900214866 /* DismissMenuAnimator.swift */; };
		81DECD23205C892B00214866 /* MenuViewController.swift in Sources */ = {isa = PBXBuildFile; fileRef = 81DECD22205C892B00214866 /* MenuViewController.swift */; };
		81DECD26205C91F900214866 /* MenuProfileView.swift in Sources */ = {isa = PBXBuildFile; fileRef = 81DECD25205C91F900214866 /* MenuProfileView.swift */; };
		81DECD28205C932200214866 /* MenuWhimsView.swift in Sources */ = {isa = PBXBuildFile; fileRef = 81DECD27205C932200214866 /* MenuWhimsView.swift */; };
		81DECD2A205C93A300214866 /* MenuCollectionViewWrapper.swift in Sources */ = {isa = PBXBuildFile; fileRef = 81DECD29205C93A300214866 /* MenuCollectionViewWrapper.swift */; };
		81DECD2C205DECF900214866 /* MenuWhimsHeader.swift in Sources */ = {isa = PBXBuildFile; fileRef = 81DECD2B205DECF900214866 /* MenuWhimsHeader.swift */; };
		81DECD2E205E229E00214866 /* MenuWhimsCell.swift in Sources */ = {isa = PBXBuildFile; fileRef = 81DECD2D205E229E00214866 /* MenuWhimsCell.swift */; };
		81DECD3020600C8900214866 /* MainTabBarVC.swift in Sources */ = {isa = PBXBuildFile; fileRef = 81DECD2F20600C8900214866 /* MainTabBarVC.swift */; };
		81DECD3220600FB000214866 /* Page.swift in Sources */ = {isa = PBXBuildFile; fileRef = 81DECD3120600FB000214866 /* Page.swift */; };
		81EBB5892060117D008A6CE7 /* StorageService.swift in Sources */ = {isa = PBXBuildFile; fileRef = 81EBB5882060117D008A6CE7 /* StorageService.swift */; };
		81EBB58B20601939008A6CE7 /* StorageService+Image.swift in Sources */ = {isa = PBXBuildFile; fileRef = 81EBB58A20601939008A6CE7 /* StorageService+Image.swift */; };
		81EBB58D20601C7E008A6CE7 /* DBService+AppUser.swift in Sources */ = {isa = PBXBuildFile; fileRef = 81EBB58C20601C7E008A6CE7 /* DBService+AppUser.swift */; };
		81EBB58F20601C86008A6CE7 /* DBService.swift in Sources */ = {isa = PBXBuildFile; fileRef = 81EBB58E20601C86008A6CE7 /* DBService.swift */; };
		81F9F06E20656B2200D288E8 /* FiltersView.swift in Sources */ = {isa = PBXBuildFile; fileRef = 81F9F06D20656B2200D288E8 /* FiltersView.swift */; };
		81F9F0702065D27700D288E8 /* AddChildVC.swift in Sources */ = {isa = PBXBuildFile; fileRef = 81F9F06F2065D27700D288E8 /* AddChildVC.swift */; };
		8449A2DA7A870D7DFE6E2428 /* Pods_wmsy.framework in Frameworks */ = {isa = PBXBuildFile; fileRef = 7CEEC5ACCA9E78DD3C3881CA /* Pods_wmsy.framework */; };
		932F180D2065A3F300950104 /* FloatingPopsicleView.swift in Sources */ = {isa = PBXBuildFile; fileRef = 932F180C2065A3F300950104 /* FloatingPopsicleView.swift */; };
		93495B0620603F9A0080BDBA /* ExpandedFeedCellView.swift in Sources */ = {isa = PBXBuildFile; fileRef = 93495B0520603F9A0080BDBA /* ExpandedFeedCellView.swift */; };
		93495B08206041080080BDBA /* FeedCell.swift in Sources */ = {isa = PBXBuildFile; fileRef = 93495B07206041080080BDBA /* FeedCell.swift */; };
		93632551206C1597002FFAED /* WhimColorViewTableViewCell.swift in Sources */ = {isa = PBXBuildFile; fileRef = 93632550206C1597002FFAED /* WhimColorViewTableViewCell.swift */; };
		93D5CDB0206AB1FC00ABB3E1 /* SplashView.swift in Sources */ = {isa = PBXBuildFile; fileRef = 93D5CDAF206AB1FC00ABB3E1 /* SplashView.swift */; };
		93D5CDB2206AB20A00ABB3E1 /* SplashViewController.swift in Sources */ = {isa = PBXBuildFile; fileRef = 93D5CDB1206AB20A00ABB3E1 /* SplashViewController.swift */; };
		93E12D62206DCC0B00BD49FA /* CancelCreateWhimTableViewCell.swift in Sources */ = {isa = PBXBuildFile; fileRef = 93E12D61206DCC0B00BD49FA /* CancelCreateWhimTableViewCell.swift */; };
		E5E0CC0CB13ED0D202D6CA35 /* Pods_wmsyTests.framework in Frameworks */ = {isa = PBXBuildFile; fileRef = 7ABB5CDA9ED0EA6DABA10A94 /* Pods_wmsyTests.framework */; };
/* End PBXBuildFile section */

/* Begin PBXContainerItemProxy section */
		81903116205ADCF200932A55 /* PBXContainerItemProxy */ = {
			isa = PBXContainerItemProxy;
			containerPortal = 819030F9205ADCF200932A55 /* Project object */;
			proxyType = 1;
			remoteGlobalIDString = 81903100205ADCF200932A55;
			remoteInfo = wmsy;
		};
/* End PBXContainerItemProxy section */

/* Begin PBXFileReference section */
		0DD89D42E5B3A16467FA3C65 /* Pods-wmsyTests.debug.xcconfig */ = {isa = PBXFileReference; includeInIndex = 1; lastKnownFileType = text.xcconfig; name = "Pods-wmsyTests.debug.xcconfig"; path = "Pods/Target Support Files/Pods-wmsyTests/Pods-wmsyTests.debug.xcconfig"; sourceTree = "<group>"; };
		12481557B949A7967EAD55F0 /* Pods-wmsyTests.release.xcconfig */ = {isa = PBXFileReference; includeInIndex = 1; lastKnownFileType = text.xcconfig; name = "Pods-wmsyTests.release.xcconfig"; path = "Pods/Target Support Files/Pods-wmsyTests/Pods-wmsyTests.release.xcconfig"; sourceTree = "<group>"; };
		7ABB5CDA9ED0EA6DABA10A94 /* Pods_wmsyTests.framework */ = {isa = PBXFileReference; explicitFileType = wrapper.framework; includeInIndex = 0; path = Pods_wmsyTests.framework; sourceTree = BUILT_PRODUCTS_DIR; };
		7CEEC5ACCA9E78DD3C3881CA /* Pods_wmsy.framework */ = {isa = PBXFileReference; explicitFileType = wrapper.framework; includeInIndex = 0; path = Pods_wmsy.framework; sourceTree = BUILT_PRODUCTS_DIR; };
		8107D9212070193500CEC5B2 /* RandomLocation.gpx */ = {isa = PBXFileReference; lastKnownFileType = text.xml; path = RandomLocation.gpx; sourceTree = "<group>"; };
		8107D92220728D4400CEC5B2 /* C4Q.gpx */ = {isa = PBXFileReference; lastKnownFileType = text.xml; path = C4Q.gpx; sourceTree = "<group>"; };
		8107D92320729A9100CEC5B2 /* AppUser+CurrentUser.swift */ = {isa = PBXFileReference; lastKnownFileType = sourcecode.swift; path = "AppUser+CurrentUser.swift"; sourceTree = "<group>"; };
		810816AE2072D01C00E59456 /* Interest.swift */ = {isa = PBXFileReference; fileEncoding = 4; lastKnownFileType = sourcecode.swift; path = Interest.swift; sourceTree = "<group>"; };
		810816B1207465EA00E59456 /* WMSYNavigationBarController.swift */ = {isa = PBXFileReference; lastKnownFileType = sourcecode.swift; path = WMSYNavigationBarController.swift; sourceTree = "<group>"; };
		810816B3207718D600E59456 /* NavView.swift */ = {isa = PBXFileReference; lastKnownFileType = sourcecode.swift; path = NavView.swift; sourceTree = "<group>"; };
		811FFB5620606B5500F3312B /* CollapsedFeedCellView.swift */ = {isa = PBXFileReference; lastKnownFileType = sourcecode.swift; path = CollapsedFeedCellView.swift; sourceTree = "<group>"; };
		811FFB9620615B6100F3312B /* DBService+Whim.swift */ = {isa = PBXFileReference; fileEncoding = 4; lastKnownFileType = sourcecode.swift; path = "DBService+Whim.swift"; sourceTree = "<group>"; };
		811FFB9820615B6900F3312B /* NotificationManager.swift */ = {isa = PBXFileReference; fileEncoding = 4; lastKnownFileType = sourcecode.swift; path = NotificationManager.swift; sourceTree = "<group>"; };
		811FFB9A20616B1E00F3312B /* DBService+Message.swift */ = {isa = PBXFileReference; lastKnownFileType = sourcecode.swift; path = "DBService+Message.swift"; sourceTree = "<group>"; };
		81202D85206BEBC200CC5588 /* MenuNavigationBarVC.swift */ = {isa = PBXFileReference; lastKnownFileType = sourcecode.swift; path = MenuNavigationBarVC.swift; sourceTree = "<group>"; };
		81202D87206BECCB00CC5588 /* MenuPagesVC.swift */ = {isa = PBXFileReference; lastKnownFileType = sourcecode.swift; path = MenuPagesVC.swift; sourceTree = "<group>"; };
		81202D89206BED3C00CC5588 /* MenuProfileVC.swift */ = {isa = PBXFileReference; lastKnownFileType = sourcecode.swift; path = MenuProfileVC.swift; sourceTree = "<group>"; };
		81202D8B206BEE0E00CC5588 /* MenuChatsList.swift */ = {isa = PBXFileReference; lastKnownFileType = sourcecode.swift; path = MenuChatsList.swift; sourceTree = "<group>"; };
		812112E020609D3F002D80C2 /* AuthUserService.swift */ = {isa = PBXFileReference; lastKnownFileType = sourcecode.swift; path = AuthUserService.swift; sourceTree = "<group>"; };
		812112E220615BF7002D80C2 /* DBService+Get.swift */ = {isa = PBXFileReference; lastKnownFileType = sourcecode.swift; path = "DBService+Get.swift"; sourceTree = "<group>"; };
		812112E42062C856002D80C2 /* Alert.swift */ = {isa = PBXFileReference; lastKnownFileType = sourcecode.swift; path = Alert.swift; sourceTree = "<group>"; };
		812112E62062F660002D80C2 /* AddWhimLocationViewController.swift */ = {isa = PBXFileReference; lastKnownFileType = sourcecode.swift; path = AddWhimLocationViewController.swift; sourceTree = "<group>"; };
		812112E82062F7D3002D80C2 /* AddWhimLocationView.swift */ = {isa = PBXFileReference; lastKnownFileType = sourcecode.swift; path = AddWhimLocationView.swift; sourceTree = "<group>"; };
		812112EA20632889002D80C2 /* ChatGuestCollectionViewCell.swift */ = {isa = PBXFileReference; lastKnownFileType = sourcecode.swift; path = ChatGuestCollectionViewCell.swift; sourceTree = "<group>"; };
		81337774206A960B00F1F657 /* FeedMapVC+Feed.swift */ = {isa = PBXFileReference; lastKnownFileType = sourcecode.swift; path = "FeedMapVC+Feed.swift"; sourceTree = "<group>"; };
		81337776206A978900F1F657 /* FeedMapVC+Map.swift */ = {isa = PBXFileReference; lastKnownFileType = sourcecode.swift; path = "FeedMapVC+Map.swift"; sourceTree = "<group>"; };
		81337778206A98BD00F1F657 /* FeedMapVC+Filter.swift */ = {isa = PBXFileReference; lastKnownFileType = sourcecode.swift; path = "FeedMapVC+Filter.swift"; sourceTree = "<group>"; };
		8139A99C205C2E9F006C7058 /* GoogleService-Info.plist */ = {isa = PBXFileReference; fileEncoding = 4; lastKnownFileType = text.plist.xml; path = "GoogleService-Info.plist"; sourceTree = "<group>"; };
		8139A99E205C309F006C7058 /* Whim.swift */ = {isa = PBXFileReference; lastKnownFileType = sourcecode.swift; path = Whim.swift; sourceTree = "<group>"; };
		8139A9A1205C30D7006C7058 /* CreateWhimTVC.swift */ = {isa = PBXFileReference; lastKnownFileType = sourcecode.swift; path = CreateWhimTVC.swift; sourceTree = "<group>"; };
		8139A9A5205C3130006C7058 /* CreateWhimView.swift */ = {isa = PBXFileReference; lastKnownFileType = sourcecode.swift; path = CreateWhimView.swift; sourceTree = "<group>"; };
		816D11C9206C333F001D199C /* ChatInfoView.swift */ = {isa = PBXFileReference; lastKnownFileType = sourcecode.swift; path = ChatInfoView.swift; sourceTree = "<group>"; };
		81903101205ADCF200932A55 /* wmsy.app */ = {isa = PBXFileReference; explicitFileType = wrapper.application; includeInIndex = 0; path = wmsy.app; sourceTree = BUILT_PRODUCTS_DIR; };
		81903104205ADCF200932A55 /* AppDelegate.swift */ = {isa = PBXFileReference; lastKnownFileType = sourcecode.swift; path = AppDelegate.swift; sourceTree = "<group>"; };
		81903109205ADCF200932A55 /* Base */ = {isa = PBXFileReference; lastKnownFileType = file.storyboard; name = Base; path = Base.lproj/Main.storyboard; sourceTree = "<group>"; };
		8190310B205ADCF200932A55 /* Assets.xcassets */ = {isa = PBXFileReference; lastKnownFileType = folder.assetcatalog; path = Assets.xcassets; sourceTree = "<group>"; };
		8190310E205ADCF200932A55 /* Base */ = {isa = PBXFileReference; lastKnownFileType = file.storyboard; name = Base; path = Base.lproj/LaunchScreen.storyboard; sourceTree = "<group>"; };
		81903110205ADCF200932A55 /* Info.plist */ = {isa = PBXFileReference; lastKnownFileType = text.plist.xml; path = Info.plist; sourceTree = "<group>"; };
		81903115205ADCF200932A55 /* wmsyTests.xctest */ = {isa = PBXFileReference; explicitFileType = wrapper.cfbundle; includeInIndex = 0; path = wmsyTests.xctest; sourceTree = BUILT_PRODUCTS_DIR; };
		81903119205ADCF200932A55 /* wmsyTests.swift */ = {isa = PBXFileReference; lastKnownFileType = sourcecode.swift; path = wmsyTests.swift; sourceTree = "<group>"; };
		8190311B205ADCF200932A55 /* Info.plist */ = {isa = PBXFileReference; lastKnownFileType = text.plist.xml; path = Info.plist; sourceTree = "<group>"; };
		8196983A2072D970000267A6 /* Interest.swift */ = {isa = PBXFileReference; fileEncoding = 4; lastKnownFileType = sourcecode.swift; path = Interest.swift; sourceTree = "<group>"; };
		81A57A502068952D00E4BE0B /* DBService+Interest.swift */ = {isa = PBXFileReference; lastKnownFileType = sourcecode.swift; path = "DBService+Interest.swift"; sourceTree = "<group>"; };
		81A57A5220697D7000E4BE0B /* MenuData.swift */ = {isa = PBXFileReference; lastKnownFileType = sourcecode.swift; path = MenuData.swift; sourceTree = "<group>"; };
		81AB7AB9205C800E009845EA /* WhimTitleTableViewCell.swift */ = {isa = PBXFileReference; lastKnownFileType = sourcecode.swift; path = WhimTitleTableViewCell.swift; sourceTree = "<group>"; };
		81AB7ABB205C8024009845EA /* WhimDescriptionTableViewCell.swift */ = {isa = PBXFileReference; lastKnownFileType = sourcecode.swift; path = WhimDescriptionTableViewCell.swift; sourceTree = "<group>"; };
		81AB7ABD205C805A009845EA /* WhimExpirationTableViewCell.swift */ = {isa = PBXFileReference; lastKnownFileType = sourcecode.swift; path = WhimExpirationTableViewCell.swift; sourceTree = "<group>"; };
		81AB7ABF205C806C009845EA /* WhimLocationTableViewCell.swift */ = {isa = PBXFileReference; lastKnownFileType = sourcecode.swift; path = WhimLocationTableViewCell.swift; sourceTree = "<group>"; };
		81AB7AC1205C80B4009845EA /* WhimCategoryTableViewCell.swift */ = {isa = PBXFileReference; lastKnownFileType = sourcecode.swift; path = WhimCategoryTableViewCell.swift; sourceTree = "<group>"; };
		81AB7AC3205C80FC009845EA /* HostAWhimButtonTableViewCell.swift */ = {isa = PBXFileReference; lastKnownFileType = sourcecode.swift; path = HostAWhimButtonTableViewCell.swift; sourceTree = "<group>"; };
		81AB7AC5205C94DD009845EA /* WhimCategoryCollectionViewCell.swift */ = {isa = PBXFileReference; lastKnownFileType = sourcecode.swift; path = WhimCategoryCollectionViewCell.swift; sourceTree = "<group>"; };
		81AB7AC7205C9548009845EA /* Stylesheet.swift */ = {isa = PBXFileReference; lastKnownFileType = sourcecode.swift; path = Stylesheet.swift; sourceTree = "<group>"; };
		81AB7ACA205CA256009845EA /* Categories.swift */ = {isa = PBXFileReference; lastKnownFileType = sourcecode.swift; path = Categories.swift; sourceTree = "<group>"; };
		81B928E020617D07002CD355 /* ChatView.swift */ = {isa = PBXFileReference; lastKnownFileType = sourcecode.swift; path = ChatView.swift; sourceTree = "<group>"; };
		81B928E220618D40002CD355 /* CurrentUserMessageCell.swift */ = {isa = PBXFileReference; lastKnownFileType = sourcecode.swift; path = CurrentUserMessageCell.swift; sourceTree = "<group>"; };
		81B928E420618D54002CD355 /* OtherUserMessageCell.swift */ = {isa = PBXFileReference; lastKnownFileType = sourcecode.swift; path = OtherUserMessageCell.swift; sourceTree = "<group>"; };
		81B928E620618D64002CD355 /* NotificationTableViewCell.swift */ = {isa = PBXFileReference; lastKnownFileType = sourcecode.swift; path = NotificationTableViewCell.swift; sourceTree = "<group>"; };
		81B928E820618D76002CD355 /* LocationDetailsTableViewCell.swift */ = {isa = PBXFileReference; lastKnownFileType = sourcecode.swift; path = LocationDetailsTableViewCell.swift; sourceTree = "<group>"; };
		81BAD675205AED5D00C7F039 /* LoginVC.swift */ = {isa = PBXFileReference; lastKnownFileType = sourcecode.swift; path = LoginVC.swift; sourceTree = "<group>"; };
		81BAD677205AED7100C7F039 /* LoginView.swift */ = {isa = PBXFileReference; lastKnownFileType = sourcecode.swift; path = LoginView.swift; sourceTree = "<group>"; };
		81BAD67A205AEDAA00C7F039 /* FeedMapVC.swift */ = {isa = PBXFileReference; lastKnownFileType = sourcecode.swift; path = FeedMapVC.swift; sourceTree = "<group>"; };
		81BAD67C205AEDBF00C7F039 /* FeedView.swift */ = {isa = PBXFileReference; lastKnownFileType = sourcecode.swift; path = FeedView.swift; sourceTree = "<group>"; };
		81BAD67E205AEDC800C7F039 /* MapView.swift */ = {isa = PBXFileReference; lastKnownFileType = sourcecode.swift; path = MapView.swift; sourceTree = "<group>"; };
		81BAD688205AEEC300C7F039 /* AppUser.swift */ = {isa = PBXFileReference; lastKnownFileType = sourcecode.swift; path = AppUser.swift; sourceTree = "<group>"; };
		81BAD68E205AEEE200C7F039 /* Message.swift */ = {isa = PBXFileReference; lastKnownFileType = sourcecode.swift; path = Message.swift; sourceTree = "<group>"; };
		81BAD690205AEF6600C7F039 /* SideMenuVC.swift */ = {isa = PBXFileReference; lastKnownFileType = sourcecode.swift; path = SideMenuVC.swift; sourceTree = "<group>"; };
		81BAD694205AEF8900C7F039 /* ProfileView.swift */ = {isa = PBXFileReference; lastKnownFileType = sourcecode.swift; path = ProfileView.swift; sourceTree = "<group>"; };
		81BAD6A0205AF06900C7F039 /* HostMessageCell.swift */ = {isa = PBXFileReference; lastKnownFileType = sourcecode.swift; path = HostMessageCell.swift; sourceTree = "<group>"; };
		81BAD6A2205AF07300C7F039 /* GuestMessageCell.swift */ = {isa = PBXFileReference; lastKnownFileType = sourcecode.swift; path = GuestMessageCell.swift; sourceTree = "<group>"; };
		81BAD6A4205AF08100C7F039 /* NotificationMsgCell.swift */ = {isa = PBXFileReference; lastKnownFileType = sourcecode.swift; path = NotificationMsgCell.swift; sourceTree = "<group>"; };
		81BAD6A6205AF09400C7F039 /* LocationDetailsMsgCell.swift */ = {isa = PBXFileReference; lastKnownFileType = sourcecode.swift; path = LocationDetailsMsgCell.swift; sourceTree = "<group>"; };
		81BAD6A8205AF0AA00C7F039 /* GuestProfileVC.swift */ = {isa = PBXFileReference; lastKnownFileType = sourcecode.swift; path = GuestProfileVC.swift; sourceTree = "<group>"; };
		81C3AF51206D324D001686F0 /* TextInputView.swift */ = {isa = PBXFileReference; lastKnownFileType = sourcecode.swift; path = TextInputView.swift; sourceTree = "<group>"; };
		81C3AF53206DA6AC001686F0 /* MenuNotificationTracker.swift */ = {isa = PBXFileReference; lastKnownFileType = sourcecode.swift; path = MenuNotificationTracker.swift; sourceTree = "<group>"; };
		81C7DCC5207452D10008D940 /* ChatGuestsTableVC.swift */ = {isa = PBXFileReference; lastKnownFileType = sourcecode.swift; path = ChatGuestsTableVC.swift; sourceTree = "<group>"; };
		81C7DCC7207459050008D940 /* ChatGuestTableViewCell.swift */ = {isa = PBXFileReference; lastKnownFileType = sourcecode.swift; path = ChatGuestTableViewCell.swift; sourceTree = "<group>"; };
		81D12DD020643A920056920C /* MenuChatView.swift */ = {isa = PBXFileReference; lastKnownFileType = sourcecode.swift; path = MenuChatView.swift; sourceTree = "<group>"; };
		81D12DD32065AA470056920C /* DataQueue.swift */ = {isa = PBXFileReference; lastKnownFileType = sourcecode.swift; path = DataQueue.swift; sourceTree = "<group>"; };
		81D12DD620673AC30056920C /* ChatMessagesTableVC.swift */ = {isa = PBXFileReference; lastKnownFileType = sourcecode.swift; path = ChatMessagesTableVC.swift; sourceTree = "<group>"; };
		81D12DD820673AE60056920C /* TextInputVC.swift */ = {isa = PBXFileReference; lastKnownFileType = sourcecode.swift; path = TextInputVC.swift; sourceTree = "<group>"; };
		81D12DDA20673B1F0056920C /* InfoAndMembersCollectionVC.swift */ = {isa = PBXFileReference; lastKnownFileType = sourcecode.swift; path = InfoAndMembersCollectionVC.swift; sourceTree = "<group>"; };
		81D12DDC20674ED70056920C /* ChatRoomVCTest.swift */ = {isa = PBXFileReference; lastKnownFileType = sourcecode.swift; path = ChatRoomVCTest.swift; sourceTree = "<group>"; };
		81DD10A72065CCC5002BAB42 /* MapDetailView.swift */ = {isa = PBXFileReference; lastKnownFileType = sourcecode.swift; path = MapDetailView.swift; sourceTree = "<group>"; };
		81DECD18205C87ED00214866 /* MenuedViewController.swift */ = {isa = PBXFileReference; lastKnownFileType = sourcecode.swift; path = MenuedViewController.swift; sourceTree = "<group>"; };
		81DECD1A205C87FA00214866 /* Interactor.swift */ = {isa = PBXFileReference; lastKnownFileType = sourcecode.swift; path = Interactor.swift; sourceTree = "<group>"; };
		81DECD1C205C881200214866 /* MenuHelper.swift */ = {isa = PBXFileReference; lastKnownFileType = sourcecode.swift; path = MenuHelper.swift; sourceTree = "<group>"; };
		81DECD1E205C882100214866 /* PresentMenuAnimator.swift */ = {isa = PBXFileReference; lastKnownFileType = sourcecode.swift; path = PresentMenuAnimator.swift; sourceTree = "<group>"; };
		81DECD20205C882900214866 /* DismissMenuAnimator.swift */ = {isa = PBXFileReference; lastKnownFileType = sourcecode.swift; path = DismissMenuAnimator.swift; sourceTree = "<group>"; };
		81DECD22205C892B00214866 /* MenuViewController.swift */ = {isa = PBXFileReference; lastKnownFileType = sourcecode.swift; path = MenuViewController.swift; sourceTree = "<group>"; };
		81DECD25205C91F900214866 /* MenuProfileView.swift */ = {isa = PBXFileReference; lastKnownFileType = sourcecode.swift; path = MenuProfileView.swift; sourceTree = "<group>"; };
		81DECD27205C932200214866 /* MenuWhimsView.swift */ = {isa = PBXFileReference; lastKnownFileType = sourcecode.swift; path = MenuWhimsView.swift; sourceTree = "<group>"; };
		81DECD29205C93A300214866 /* MenuCollectionViewWrapper.swift */ = {isa = PBXFileReference; lastKnownFileType = sourcecode.swift; path = MenuCollectionViewWrapper.swift; sourceTree = "<group>"; };
		81DECD2B205DECF900214866 /* MenuWhimsHeader.swift */ = {isa = PBXFileReference; lastKnownFileType = sourcecode.swift; path = MenuWhimsHeader.swift; sourceTree = "<group>"; };
		81DECD2D205E229E00214866 /* MenuWhimsCell.swift */ = {isa = PBXFileReference; lastKnownFileType = sourcecode.swift; path = MenuWhimsCell.swift; sourceTree = "<group>"; };
		81DECD2F20600C8900214866 /* MainTabBarVC.swift */ = {isa = PBXFileReference; lastKnownFileType = sourcecode.swift; path = MainTabBarVC.swift; sourceTree = "<group>"; };
		81DECD3120600FB000214866 /* Page.swift */ = {isa = PBXFileReference; lastKnownFileType = sourcecode.swift; path = Page.swift; sourceTree = "<group>"; };
		81EBB5882060117D008A6CE7 /* StorageService.swift */ = {isa = PBXFileReference; lastKnownFileType = sourcecode.swift; path = StorageService.swift; sourceTree = "<group>"; };
		81EBB58A20601939008A6CE7 /* StorageService+Image.swift */ = {isa = PBXFileReference; lastKnownFileType = sourcecode.swift; path = "StorageService+Image.swift"; sourceTree = "<group>"; };
		81EBB58C20601C7E008A6CE7 /* DBService+AppUser.swift */ = {isa = PBXFileReference; lastKnownFileType = sourcecode.swift; path = "DBService+AppUser.swift"; sourceTree = "<group>"; };
		81EBB58E20601C86008A6CE7 /* DBService.swift */ = {isa = PBXFileReference; lastKnownFileType = sourcecode.swift; path = DBService.swift; sourceTree = "<group>"; };
		81F9F06D20656B2200D288E8 /* FiltersView.swift */ = {isa = PBXFileReference; lastKnownFileType = sourcecode.swift; path = FiltersView.swift; sourceTree = "<group>"; };
		81F9F06F2065D27700D288E8 /* AddChildVC.swift */ = {isa = PBXFileReference; lastKnownFileType = sourcecode.swift; path = AddChildVC.swift; sourceTree = "<group>"; };
		876DF1E5D004E38FACE607E8 /* Pods-wmsy.release.xcconfig */ = {isa = PBXFileReference; includeInIndex = 1; lastKnownFileType = text.xcconfig; name = "Pods-wmsy.release.xcconfig"; path = "Pods/Target Support Files/Pods-wmsy/Pods-wmsy.release.xcconfig"; sourceTree = "<group>"; };
		932F180C2065A3F300950104 /* FloatingPopsicleView.swift */ = {isa = PBXFileReference; lastKnownFileType = sourcecode.swift; path = FloatingPopsicleView.swift; sourceTree = "<group>"; };
		93495B0520603F9A0080BDBA /* ExpandedFeedCellView.swift */ = {isa = PBXFileReference; lastKnownFileType = sourcecode.swift; path = ExpandedFeedCellView.swift; sourceTree = "<group>"; };
		93495B07206041080080BDBA /* FeedCell.swift */ = {isa = PBXFileReference; lastKnownFileType = sourcecode.swift; path = FeedCell.swift; sourceTree = "<group>"; };
		93632550206C1597002FFAED /* WhimColorViewTableViewCell.swift */ = {isa = PBXFileReference; lastKnownFileType = sourcecode.swift; path = WhimColorViewTableViewCell.swift; sourceTree = "<group>"; };
		93D5CDAF206AB1FC00ABB3E1 /* SplashView.swift */ = {isa = PBXFileReference; lastKnownFileType = sourcecode.swift; path = SplashView.swift; sourceTree = "<group>"; };
		93D5CDB1206AB20A00ABB3E1 /* SplashViewController.swift */ = {isa = PBXFileReference; lastKnownFileType = sourcecode.swift; path = SplashViewController.swift; sourceTree = "<group>"; };
		93E12D61206DCC0B00BD49FA /* CancelCreateWhimTableViewCell.swift */ = {isa = PBXFileReference; lastKnownFileType = sourcecode.swift; path = CancelCreateWhimTableViewCell.swift; sourceTree = "<group>"; };
		A3CBD7D0321B7C36EB143EB4 /* Pods-wmsy.debug.xcconfig */ = {isa = PBXFileReference; includeInIndex = 1; lastKnownFileType = text.xcconfig; name = "Pods-wmsy.debug.xcconfig"; path = "Pods/Target Support Files/Pods-wmsy/Pods-wmsy.debug.xcconfig"; sourceTree = "<group>"; };
/* End PBXFileReference section */

/* Begin PBXFrameworksBuildPhase section */
		819030FE205ADCF200932A55 /* Frameworks */ = {
			isa = PBXFrameworksBuildPhase;
			buildActionMask = 2147483647;
			files = (
				8449A2DA7A870D7DFE6E2428 /* Pods_wmsy.framework in Frameworks */,
			);
			runOnlyForDeploymentPostprocessing = 0;
		};
		81903112205ADCF200932A55 /* Frameworks */ = {
			isa = PBXFrameworksBuildPhase;
			buildActionMask = 2147483647;
			files = (
				E5E0CC0CB13ED0D202D6CA35 /* Pods_wmsyTests.framework in Frameworks */,
			);
			runOnlyForDeploymentPostprocessing = 0;
		};
/* End PBXFrameworksBuildPhase section */

/* Begin PBXGroup section */
		03091284B0376CB4097E8AD5 /* Frameworks */ = {
			isa = PBXGroup;
			children = (
				7CEEC5ACCA9E78DD3C3881CA /* Pods_wmsy.framework */,
				7ABB5CDA9ED0EA6DABA10A94 /* Pods_wmsyTests.framework */,
			);
			name = Frameworks;
			sourceTree = "<group>";
		};
		81202D84206BEBA200CC5588 /* ViewControllers */ = {
			isa = PBXGroup;
			children = (
				81202D85206BEBC200CC5588 /* MenuNavigationBarVC.swift */,
				81202D87206BECCB00CC5588 /* MenuPagesVC.swift */,
				81202D89206BED3C00CC5588 /* MenuProfileVC.swift */,
				81202D8B206BEE0E00CC5588 /* MenuChatsList.swift */,
			);
			path = ViewControllers;
			sourceTree = "<group>";
		};
		8139A9A0205C30B6006C7058 /* CreateWhimPage */ = {
			isa = PBXGroup;
			children = (
				8139A9A1205C30D7006C7058 /* CreateWhimTVC.swift */,
				8139A9A5205C3130006C7058 /* CreateWhimView.swift */,
				812112E62062F660002D80C2 /* AddWhimLocationViewController.swift */,
				812112E82062F7D3002D80C2 /* AddWhimLocationView.swift */,
				81AB7AC9205C9A53009845EA /* CustomTVCells */,
			);
			path = CreateWhimPage;
			sourceTree = "<group>";
		};
		817C73852072DF3300EF160F /* Recovered References */ = {
			isa = PBXGroup;
			children = (
				810816AE2072D01C00E59456 /* Interest.swift */,
			);
			name = "Recovered References";
			sourceTree = "<group>";
		};
		819030F8205ADCF200932A55 = {
			isa = PBXGroup;
			children = (
				81903103205ADCF200932A55 /* wmsy */,
				81903118205ADCF200932A55 /* wmsyTests */,
				81903102205ADCF200932A55 /* Products */,
				B2F8ADA7007772FA5D9A5CEF /* Pods */,
				03091284B0376CB4097E8AD5 /* Frameworks */,
				FA33DDCA2073DAD900219938 /* Recovered References */,
			);
			sourceTree = "<group>";
		};
		81903102205ADCF200932A55 /* Products */ = {
			isa = PBXGroup;
			children = (
				81903101205ADCF200932A55 /* wmsy.app */,
				81903115205ADCF200932A55 /* wmsyTests.xctest */,
			);
			name = Products;
			sourceTree = "<group>";
		};
		81903103205ADCF200932A55 /* wmsy */ = {
			isa = PBXGroup;
			children = (
				81903108205ADCF200932A55 /* Main.storyboard */,
				81BAD686205AEE6A00C7F039 /* Models */,
				81BAD687205AEEA800C7F039 /* Services */,
				81BAD673205AED2600C7F039 /* Pages */,
				81903104205ADCF200932A55 /* AppDelegate.swift */,
				8190310B205ADCF200932A55 /* Assets.xcassets */,
				8190310D205ADCF200932A55 /* LaunchScreen.storyboard */,
				8139A99C205C2E9F006C7058 /* GoogleService-Info.plist */,
				81903110205ADCF200932A55 /* Info.plist */,
				8107D9212070193500CEC5B2 /* RandomLocation.gpx */,
				8107D92220728D4400CEC5B2 /* C4Q.gpx */,
			);
			path = wmsy;
			sourceTree = "<group>";
		};
		81903118205ADCF200932A55 /* wmsyTests */ = {
			isa = PBXGroup;
			children = (
				81903119205ADCF200932A55 /* wmsyTests.swift */,
				8190311B205ADCF200932A55 /* Info.plist */,
			);
			path = wmsyTests;
			sourceTree = "<group>";
		};
		81AB7AC9205C9A53009845EA /* CustomTVCells */ = {
			isa = PBXGroup;
			children = (
				93632550206C1597002FFAED /* WhimColorViewTableViewCell.swift */,
				81AB7AC1205C80B4009845EA /* WhimCategoryTableViewCell.swift */,
				81AB7AC5205C94DD009845EA /* WhimCategoryCollectionViewCell.swift */,
				81AB7AB9205C800E009845EA /* WhimTitleTableViewCell.swift */,
				81AB7ABB205C8024009845EA /* WhimDescriptionTableViewCell.swift */,
				81AB7ABD205C805A009845EA /* WhimExpirationTableViewCell.swift */,
				81AB7ABF205C806C009845EA /* WhimLocationTableViewCell.swift */,
				81AB7AC3205C80FC009845EA /* HostAWhimButtonTableViewCell.swift */,
				93E12D61206DCC0B00BD49FA /* CancelCreateWhimTableViewCell.swift */,
			);
			path = CustomTVCells;
			sourceTree = "<group>";
		};
		81B928DF20617CFB002CD355 /* Views */ = {
			isa = PBXGroup;
			children = (
				81B928E020617D07002CD355 /* ChatView.swift */,
				81B928E220618D40002CD355 /* CurrentUserMessageCell.swift */,
				81B928E420618D54002CD355 /* OtherUserMessageCell.swift */,
				81B928E620618D64002CD355 /* NotificationTableViewCell.swift */,
				81B928E820618D76002CD355 /* LocationDetailsTableViewCell.swift */,
				816D11C9206C333F001D199C /* ChatInfoView.swift */,
				81C3AF51206D324D001686F0 /* TextInputView.swift */,
			);
			path = Views;
			sourceTree = "<group>";
		};
		81BAD673205AED2600C7F039 /* Pages */ = {
			isa = PBXGroup;
			children = (
				93D5CDAE206AB14A00ABB3E1 /* SplashPage */,
				81BAD674205AED3700C7F039 /* LoginPage */,
				81BAD679205AED7900C7F039 /* FeedMapPage */,
				81BAD682205AEDE800C7F039 /* SideMenuPage */,
				8139A9A0205C30B6006C7058 /* CreateWhimPage */,
				81BAD684205AEE1500C7F039 /* ChatRoomPage */,
				81BAD685205AEE3500C7F039 /* GuestProfilePage */,
			);
			path = Pages;
			sourceTree = "<group>";
		};
		81BAD674205AED3700C7F039 /* LoginPage */ = {
			isa = PBXGroup;
			children = (
				81BAD675205AED5D00C7F039 /* LoginVC.swift */,
				81BAD677205AED7100C7F039 /* LoginView.swift */,
				932F180C2065A3F300950104 /* FloatingPopsicleView.swift */,
			);
			path = LoginPage;
			sourceTree = "<group>";
		};
		81BAD679205AED7900C7F039 /* FeedMapPage */ = {
			isa = PBXGroup;
			children = (
				81BAD67A205AEDAA00C7F039 /* FeedMapVC.swift */,
				81337774206A960B00F1F657 /* FeedMapVC+Feed.swift */,
				81337776206A978900F1F657 /* FeedMapVC+Map.swift */,
				81337778206A98BD00F1F657 /* FeedMapVC+Filter.swift */,
				81BAD67C205AEDBF00C7F039 /* FeedView.swift */,
				81DD10A72065CCC5002BAB42 /* MapDetailView.swift */,
				81BAD67E205AEDC800C7F039 /* MapView.swift */,
				81F9F06D20656B2200D288E8 /* FiltersView.swift */,
				811FFB5620606B5500F3312B /* CollapsedFeedCellView.swift */,
				93495B0520603F9A0080BDBA /* ExpandedFeedCellView.swift */,
				93495B07206041080080BDBA /* FeedCell.swift */,
				810816B3207718D600E59456 /* NavView.swift */,
			);
			path = FeedMapPage;
			sourceTree = "<group>";
		};
		81BAD682205AEDE800C7F039 /* SideMenuPage */ = {
			isa = PBXGroup;
			children = (
				81DECD17205C878E00214866 /* SupportFiles */,
				81DECD24205C910100214866 /* Views */,
				81202D84206BEBA200CC5588 /* ViewControllers */,
				81BAD690205AEF6600C7F039 /* SideMenuVC.swift */,
			);
			path = SideMenuPage;
			sourceTree = "<group>";
		};
		81BAD684205AEE1500C7F039 /* ChatRoomPage */ = {
			isa = PBXGroup;
			children = (
				81D12DD22065AA200056920C /* SupportFiles */,
				81D12DD520673A7A0056920C /* ViewControllers */,
				81B928DF20617CFB002CD355 /* Views */,
				812112EA20632889002D80C2 /* ChatGuestCollectionViewCell.swift */,
				81BAD6A0205AF06900C7F039 /* HostMessageCell.swift */,
				81BAD6A2205AF07300C7F039 /* GuestMessageCell.swift */,
				81BAD6A4205AF08100C7F039 /* NotificationMsgCell.swift */,
				81BAD6A6205AF09400C7F039 /* LocationDetailsMsgCell.swift */,
			);
			path = ChatRoomPage;
			sourceTree = "<group>";
		};
		81BAD685205AEE3500C7F039 /* GuestProfilePage */ = {
			isa = PBXGroup;
			children = (
				81BAD6A8205AF0AA00C7F039 /* GuestProfileVC.swift */,
				81BAD694205AEF8900C7F039 /* ProfileView.swift */,
			);
			path = GuestProfilePage;
			sourceTree = "<group>";
		};
		81BAD686205AEE6A00C7F039 /* Models */ = {
			isa = PBXGroup;
			children = (
				8196983A2072D970000267A6 /* Interest.swift */,
				81BAD688205AEEC300C7F039 /* AppUser.swift */,
				8107D92320729A9100CEC5B2 /* AppUser+CurrentUser.swift */,
				81BAD68E205AEEE200C7F039 /* Message.swift */,
				8139A99E205C309F006C7058 /* Whim.swift */,
				81AB7AC7205C9548009845EA /* Stylesheet.swift */,
				81AB7ACA205CA256009845EA /* Categories.swift */,
				812112E42062C856002D80C2 /* Alert.swift */,
			);
			path = Models;
			sourceTree = "<group>";
		};
		81BAD687205AEEA800C7F039 /* Services */ = {
			isa = PBXGroup;
			children = (
				81EBB5882060117D008A6CE7 /* StorageService.swift */,
				81EBB58A20601939008A6CE7 /* StorageService+Image.swift */,
				81EBB58E20601C86008A6CE7 /* DBService.swift */,
				81EBB58C20601C7E008A6CE7 /* DBService+AppUser.swift */,
				811FFB9620615B6100F3312B /* DBService+Whim.swift */,
				811FFB9A20616B1E00F3312B /* DBService+Message.swift */,
				81A57A502068952D00E4BE0B /* DBService+Interest.swift */,
				812112E020609D3F002D80C2 /* AuthUserService.swift */,
				812112E220615BF7002D80C2 /* DBService+Get.swift */,
				81F9F06F2065D27700D288E8 /* AddChildVC.swift */,
				811FFB9820615B6900F3312B /* NotificationManager.swift */,
			);
			path = Services;
			sourceTree = "<group>";
		};
		81D12DD22065AA200056920C /* SupportFiles */ = {
			isa = PBXGroup;
			children = (
				81D12DD32065AA470056920C /* DataQueue.swift */,
			);
			path = SupportFiles;
			sourceTree = "<group>";
		};
		81D12DD520673A7A0056920C /* ViewControllers */ = {
			isa = PBXGroup;
			children = (
				81D12DDC20674ED70056920C /* ChatRoomVCTest.swift */,
				810816B1207465EA00E59456 /* WMSYNavigationBarController.swift */,
				81D12DDA20673B1F0056920C /* InfoAndMembersCollectionVC.swift */,
				81D12DD620673AC30056920C /* ChatMessagesTableVC.swift */,
				81D12DD820673AE60056920C /* TextInputVC.swift */,
				81C7DCC5207452D10008D940 /* ChatGuestsTableVC.swift */,
				81C7DCC7207459050008D940 /* ChatGuestTableViewCell.swift */,
			);
			path = ViewControllers;
			sourceTree = "<group>";
		};
		81DECD17205C878E00214866 /* SupportFiles */ = {
			isa = PBXGroup;
			children = (
				81DECD22205C892B00214866 /* MenuViewController.swift */,
				81DECD18205C87ED00214866 /* MenuedViewController.swift */,
				81DECD2F20600C8900214866 /* MainTabBarVC.swift */,
				81DECD3120600FB000214866 /* Page.swift */,
				81DECD1A205C87FA00214866 /* Interactor.swift */,
				81DECD1C205C881200214866 /* MenuHelper.swift */,
				81A57A5220697D7000E4BE0B /* MenuData.swift */,
				81C3AF53206DA6AC001686F0 /* MenuNotificationTracker.swift */,
				81DECD1E205C882100214866 /* PresentMenuAnimator.swift */,
				81DECD20205C882900214866 /* DismissMenuAnimator.swift */,
			);
			path = SupportFiles;
			sourceTree = "<group>";
		};
		81DECD24205C910100214866 /* Views */ = {
			isa = PBXGroup;
			children = (
				81DECD29205C93A300214866 /* MenuCollectionViewWrapper.swift */,
				81DECD25205C91F900214866 /* MenuProfileView.swift */,
				81DECD27205C932200214866 /* MenuWhimsView.swift */,
				81D12DD020643A920056920C /* MenuChatView.swift */,
				81DECD2B205DECF900214866 /* MenuWhimsHeader.swift */,
				81DECD2D205E229E00214866 /* MenuWhimsCell.swift */,
			);
			path = Views;
			sourceTree = "<group>";
		};
		93D5CDAE206AB14A00ABB3E1 /* SplashPage */ = {
			isa = PBXGroup;
			children = (
				93D5CDAF206AB1FC00ABB3E1 /* SplashView.swift */,
				93D5CDB1206AB20A00ABB3E1 /* SplashViewController.swift */,
			);
			path = SplashPage;
			sourceTree = "<group>";
		};
		B2F8ADA7007772FA5D9A5CEF /* Pods */ = {
			isa = PBXGroup;
			children = (
				A3CBD7D0321B7C36EB143EB4 /* Pods-wmsy.debug.xcconfig */,
				876DF1E5D004E38FACE607E8 /* Pods-wmsy.release.xcconfig */,
				0DD89D42E5B3A16467FA3C65 /* Pods-wmsyTests.debug.xcconfig */,
				12481557B949A7967EAD55F0 /* Pods-wmsyTests.release.xcconfig */,
			);
			name = Pods;
			sourceTree = "<group>";
		};
		FA33DDCA2073DAD900219938 /* Recovered References */ = {
			isa = PBXGroup;
			children = (
				810816AE2072D01C00E59456 /* Interest.swift */,
			);
			name = "Recovered References";
			sourceTree = "<group>";
		};
/* End PBXGroup section */

/* Begin PBXNativeTarget section */
		81903100205ADCF200932A55 /* wmsy */ = {
			isa = PBXNativeTarget;
			buildConfigurationList = 8190311E205ADCF200932A55 /* Build configuration list for PBXNativeTarget "wmsy" */;
			buildPhases = (
				A70760F99460C7719B006C43 /* [CP] Check Pods Manifest.lock */,
				819030FD205ADCF200932A55 /* Sources */,
				819030FE205ADCF200932A55 /* Frameworks */,
				819030FF205ADCF200932A55 /* Resources */,
				79C221560345577A197BA82F /* [CP] Embed Pods Frameworks */,
				6EECE74DE338522519D08BD0 /* [CP] Copy Pods Resources */,
			);
			buildRules = (
			);
			dependencies = (
			);
			name = wmsy;
			productName = wmsy;
			productReference = 81903101205ADCF200932A55 /* wmsy.app */;
			productType = "com.apple.product-type.application";
		};
		81903114205ADCF200932A55 /* wmsyTests */ = {
			isa = PBXNativeTarget;
			buildConfigurationList = 81903121205ADCF200932A55 /* Build configuration list for PBXNativeTarget "wmsyTests" */;
			buildPhases = (
				8B955D1816E472AB051D8B55 /* [CP] Check Pods Manifest.lock */,
				81903111205ADCF200932A55 /* Sources */,
				81903112205ADCF200932A55 /* Frameworks */,
				81903113205ADCF200932A55 /* Resources */,
				34F6A0DEBF2AD961F587DFFD /* [CP] Embed Pods Frameworks */,
				B1282BB63722C658ABEABE0A /* [CP] Copy Pods Resources */,
			);
			buildRules = (
			);
			dependencies = (
				81903117205ADCF200932A55 /* PBXTargetDependency */,
			);
			name = wmsyTests;
			productName = wmsyTests;
			productReference = 81903115205ADCF200932A55 /* wmsyTests.xctest */;
			productType = "com.apple.product-type.bundle.unit-test";
		};
/* End PBXNativeTarget section */

/* Begin PBXProject section */
		819030F9205ADCF200932A55 /* Project object */ = {
			isa = PBXProject;
			attributes = {
				LastSwiftUpdateCheck = 0920;
				LastUpgradeCheck = 0920;
				ORGANIZATIONNAME = C4Q;
				TargetAttributes = {
					81903100205ADCF200932A55 = {
						CreatedOnToolsVersion = 9.2;
						ProvisioningStyle = Automatic;
					};
					81903114205ADCF200932A55 = {
						CreatedOnToolsVersion = 9.2;
						ProvisioningStyle = Automatic;
						TestTargetID = 81903100205ADCF200932A55;
					};
				};
			};
			buildConfigurationList = 819030FC205ADCF200932A55 /* Build configuration list for PBXProject "wmsy" */;
			compatibilityVersion = "Xcode 8.0";
			developmentRegion = en;
			hasScannedForEncodings = 0;
			knownRegions = (
				en,
				Base,
			);
			mainGroup = 819030F8205ADCF200932A55;
			productRefGroup = 81903102205ADCF200932A55 /* Products */;
			projectDirPath = "";
			projectRoot = "";
			targets = (
				81903100205ADCF200932A55 /* wmsy */,
				81903114205ADCF200932A55 /* wmsyTests */,
			);
		};
/* End PBXProject section */

/* Begin PBXResourcesBuildPhase section */
		819030FF205ADCF200932A55 /* Resources */ = {
			isa = PBXResourcesBuildPhase;
			buildActionMask = 2147483647;
			files = (
				8190310F205ADCF200932A55 /* LaunchScreen.storyboard in Resources */,
				8139A99D205C2E9F006C7058 /* GoogleService-Info.plist in Resources */,
				8190310C205ADCF200932A55 /* Assets.xcassets in Resources */,
				8190310A205ADCF200932A55 /* Main.storyboard in Resources */,
			);
			runOnlyForDeploymentPostprocessing = 0;
		};
		81903113205ADCF200932A55 /* Resources */ = {
			isa = PBXResourcesBuildPhase;
			buildActionMask = 2147483647;
			files = (
			);
			runOnlyForDeploymentPostprocessing = 0;
		};
/* End PBXResourcesBuildPhase section */

/* Begin PBXShellScriptBuildPhase section */
		34F6A0DEBF2AD961F587DFFD /* [CP] Embed Pods Frameworks */ = {
			isa = PBXShellScriptBuildPhase;
			buildActionMask = 2147483647;
			files = (
			);
			inputPaths = (
			);
			name = "[CP] Embed Pods Frameworks";
			outputPaths = (
			);
			runOnlyForDeploymentPostprocessing = 0;
			shellPath = /bin/sh;
			shellScript = "\"${SRCROOT}/Pods/Target Support Files/Pods-wmsyTests/Pods-wmsyTests-frameworks.sh\"\n";
			showEnvVarsInLog = 0;
		};
		6EECE74DE338522519D08BD0 /* [CP] Copy Pods Resources */ = {
			isa = PBXShellScriptBuildPhase;
			buildActionMask = 2147483647;
			files = (
			);
			inputPaths = (
				"${SRCROOT}/Pods/Target Support Files/Pods-wmsy/Pods-wmsy-resources.sh",
				"${PODS_ROOT}/GoogleMaps/Maps/Frameworks/GoogleMaps.framework/Resources/GoogleMaps.bundle",
			);
			name = "[CP] Copy Pods Resources";
			outputPaths = (
				"${TARGET_BUILD_DIR}/${UNLOCALIZED_RESOURCES_FOLDER_PATH}/GoogleMaps.bundle",
			);
			runOnlyForDeploymentPostprocessing = 0;
			shellPath = /bin/sh;
			shellScript = "\"${SRCROOT}/Pods/Target Support Files/Pods-wmsy/Pods-wmsy-resources.sh\"\n";
			showEnvVarsInLog = 0;
		};
		79C221560345577A197BA82F /* [CP] Embed Pods Frameworks */ = {
			isa = PBXShellScriptBuildPhase;
			buildActionMask = 2147483647;
			files = (
			);
			inputPaths = (
				"${SRCROOT}/Pods/Target Support Files/Pods-wmsy/Pods-wmsy-frameworks.sh",
				"${BUILT_PRODUCTS_DIR}/Bolts/Bolts.framework",
				"${BUILT_PRODUCTS_DIR}/FBSDKCoreKit/FBSDKCoreKit.framework",
				"${BUILT_PRODUCTS_DIR}/FBSDKLoginKit/FBSDKLoginKit.framework",
				"${BUILT_PRODUCTS_DIR}/FBSDKShareKit/FBSDKShareKit.framework",
				"${BUILT_PRODUCTS_DIR}/FacebookCore/FacebookCore.framework",
				"${BUILT_PRODUCTS_DIR}/FacebookLogin/FacebookLogin.framework",
				"${BUILT_PRODUCTS_DIR}/FacebookShare/FacebookShare.framework",
				"${BUILT_PRODUCTS_DIR}/GTMSessionFetcher/GTMSessionFetcher.framework",
				"${BUILT_PRODUCTS_DIR}/GoogleToolboxForMac/GoogleToolboxForMac.framework",
				"${BUILT_PRODUCTS_DIR}/Kingfisher/Kingfisher.framework",
				"${BUILT_PRODUCTS_DIR}/SVProgressHUD/SVProgressHUD.framework",
				"${BUILT_PRODUCTS_DIR}/SnapKit/SnapKit.framework",
				"${BUILT_PRODUCTS_DIR}/TextFieldEffects/TextFieldEffects.framework",
				"${BUILT_PRODUCTS_DIR}/Toucan/Toucan.framework",
				"${BUILT_PRODUCTS_DIR}/leveldb-library/leveldb.framework",
				"${BUILT_PRODUCTS_DIR}/nanopb/nanopb.framework",
			);
			name = "[CP] Embed Pods Frameworks";
			outputPaths = (
				"${TARGET_BUILD_DIR}/${FRAMEWORKS_FOLDER_PATH}/Bolts.framework",
				"${TARGET_BUILD_DIR}/${FRAMEWORKS_FOLDER_PATH}/FBSDKCoreKit.framework",
				"${TARGET_BUILD_DIR}/${FRAMEWORKS_FOLDER_PATH}/FBSDKLoginKit.framework",
				"${TARGET_BUILD_DIR}/${FRAMEWORKS_FOLDER_PATH}/FBSDKShareKit.framework",
				"${TARGET_BUILD_DIR}/${FRAMEWORKS_FOLDER_PATH}/FacebookCore.framework",
				"${TARGET_BUILD_DIR}/${FRAMEWORKS_FOLDER_PATH}/FacebookLogin.framework",
				"${TARGET_BUILD_DIR}/${FRAMEWORKS_FOLDER_PATH}/FacebookShare.framework",
				"${TARGET_BUILD_DIR}/${FRAMEWORKS_FOLDER_PATH}/GTMSessionFetcher.framework",
				"${TARGET_BUILD_DIR}/${FRAMEWORKS_FOLDER_PATH}/GoogleToolboxForMac.framework",
				"${TARGET_BUILD_DIR}/${FRAMEWORKS_FOLDER_PATH}/Kingfisher.framework",
				"${TARGET_BUILD_DIR}/${FRAMEWORKS_FOLDER_PATH}/SVProgressHUD.framework",
				"${TARGET_BUILD_DIR}/${FRAMEWORKS_FOLDER_PATH}/SnapKit.framework",
				"${TARGET_BUILD_DIR}/${FRAMEWORKS_FOLDER_PATH}/TextFieldEffects.framework",
				"${TARGET_BUILD_DIR}/${FRAMEWORKS_FOLDER_PATH}/Toucan.framework",
				"${TARGET_BUILD_DIR}/${FRAMEWORKS_FOLDER_PATH}/leveldb.framework",
				"${TARGET_BUILD_DIR}/${FRAMEWORKS_FOLDER_PATH}/nanopb.framework",
			);
			runOnlyForDeploymentPostprocessing = 0;
			shellPath = /bin/sh;
			shellScript = "\"${SRCROOT}/Pods/Target Support Files/Pods-wmsy/Pods-wmsy-frameworks.sh\"\n";
			showEnvVarsInLog = 0;
		};
		8B955D1816E472AB051D8B55 /* [CP] Check Pods Manifest.lock */ = {
			isa = PBXShellScriptBuildPhase;
			buildActionMask = 2147483647;
			files = (
			);
			inputPaths = (
				"${PODS_PODFILE_DIR_PATH}/Podfile.lock",
				"${PODS_ROOT}/Manifest.lock",
			);
			name = "[CP] Check Pods Manifest.lock";
			outputPaths = (
				"$(DERIVED_FILE_DIR)/Pods-wmsyTests-checkManifestLockResult.txt",
			);
			runOnlyForDeploymentPostprocessing = 0;
			shellPath = /bin/sh;
			shellScript = "diff \"${PODS_PODFILE_DIR_PATH}/Podfile.lock\" \"${PODS_ROOT}/Manifest.lock\" > /dev/null\nif [ $? != 0 ] ; then\n    # print error to STDERR\n    echo \"error: The sandbox is not in sync with the Podfile.lock. Run 'pod install' or update your CocoaPods installation.\" >&2\n    exit 1\nfi\n# This output is used by Xcode 'outputs' to avoid re-running this script phase.\necho \"SUCCESS\" > \"${SCRIPT_OUTPUT_FILE_0}\"\n";
			showEnvVarsInLog = 0;
		};
		A70760F99460C7719B006C43 /* [CP] Check Pods Manifest.lock */ = {
			isa = PBXShellScriptBuildPhase;
			buildActionMask = 2147483647;
			files = (
			);
			inputPaths = (
				"${PODS_PODFILE_DIR_PATH}/Podfile.lock",
				"${PODS_ROOT}/Manifest.lock",
			);
			name = "[CP] Check Pods Manifest.lock";
			outputPaths = (
				"$(DERIVED_FILE_DIR)/Pods-wmsy-checkManifestLockResult.txt",
			);
			runOnlyForDeploymentPostprocessing = 0;
			shellPath = /bin/sh;
			shellScript = "diff \"${PODS_PODFILE_DIR_PATH}/Podfile.lock\" \"${PODS_ROOT}/Manifest.lock\" > /dev/null\nif [ $? != 0 ] ; then\n    # print error to STDERR\n    echo \"error: The sandbox is not in sync with the Podfile.lock. Run 'pod install' or update your CocoaPods installation.\" >&2\n    exit 1\nfi\n# This output is used by Xcode 'outputs' to avoid re-running this script phase.\necho \"SUCCESS\" > \"${SCRIPT_OUTPUT_FILE_0}\"\n";
			showEnvVarsInLog = 0;
		};
		B1282BB63722C658ABEABE0A /* [CP] Copy Pods Resources */ = {
			isa = PBXShellScriptBuildPhase;
			buildActionMask = 2147483647;
			files = (
			);
			inputPaths = (
			);
			name = "[CP] Copy Pods Resources";
			outputPaths = (
			);
			runOnlyForDeploymentPostprocessing = 0;
			shellPath = /bin/sh;
			shellScript = "\"${SRCROOT}/Pods/Target Support Files/Pods-wmsyTests/Pods-wmsyTests-resources.sh\"\n";
			showEnvVarsInLog = 0;
		};
/* End PBXShellScriptBuildPhase section */

/* Begin PBXSourcesBuildPhase section */
		819030FD205ADCF200932A55 /* Sources */ = {
			isa = PBXSourcesBuildPhase;
			buildActionMask = 2147483647;
			files = (
				81EBB58D20601C7E008A6CE7 /* DBService+AppUser.swift in Sources */,
				81BAD6A3205AF07300C7F039 /* GuestMessageCell.swift in Sources */,
				93D5CDB0206AB1FC00ABB3E1 /* SplashView.swift in Sources */,
				81337777206A978900F1F657 /* FeedMapVC+Map.swift in Sources */,
				812112E120609D3F002D80C2 /* AuthUserService.swift in Sources */,
				81DECD2A205C93A300214866 /* MenuCollectionViewWrapper.swift in Sources */,
				81BAD67F205AEDC800C7F039 /* MapView.swift in Sources */,
				81DECD2E205E229E00214866 /* MenuWhimsCell.swift in Sources */,
				810816B4207718D600E59456 /* NavView.swift in Sources */,
				81D12DD120643A920056920C /* MenuChatView.swift in Sources */,
				81AB7AC0205C806C009845EA /* WhimLocationTableViewCell.swift in Sources */,
				81AB7ABA205C800E009845EA /* WhimTitleTableViewCell.swift in Sources */,
				812112E52062C856002D80C2 /* Alert.swift in Sources */,
				81EBB58F20601C86008A6CE7 /* DBService.swift in Sources */,
				81BAD689205AEEC300C7F039 /* AppUser.swift in Sources */,
				81D12DD720673AC30056920C /* ChatMessagesTableVC.swift in Sources */,
				81337779206A98BD00F1F657 /* FeedMapVC+Filter.swift in Sources */,
				81BAD6A1205AF06900C7F039 /* HostMessageCell.swift in Sources */,
				81F9F0702065D27700D288E8 /* AddChildVC.swift in Sources */,
				81AB7AC4205C80FC009845EA /* HostAWhimButtonTableViewCell.swift in Sources */,
				81AB7AC6205C94DD009845EA /* WhimCategoryCollectionViewCell.swift in Sources */,
				93495B08206041080080BDBA /* FeedCell.swift in Sources */,
				81AB7ABC205C8024009845EA /* WhimDescriptionTableViewCell.swift in Sources */,
				81DECD21205C882900214866 /* DismissMenuAnimator.swift in Sources */,
				810816B2207465EA00E59456 /* WMSYNavigationBarController.swift in Sources */,
				81DECD23205C892B00214866 /* MenuViewController.swift in Sources */,
				93632551206C1597002FFAED /* WhimColorViewTableViewCell.swift in Sources */,
				81202D8C206BEE0E00CC5588 /* MenuChatsList.swift in Sources */,
				81B928E120617D07002CD355 /* ChatView.swift in Sources */,
				81BAD6A5205AF08100C7F039 /* NotificationMsgCell.swift in Sources */,
				81202D88206BECCB00CC5588 /* MenuPagesVC.swift in Sources */,
				8139A9A2205C30D7006C7058 /* CreateWhimTVC.swift in Sources */,
				81D12DD42065AA470056920C /* DataQueue.swift in Sources */,
				81DECD2C205DECF900214866 /* MenuWhimsHeader.swift in Sources */,
				81D12DDB20673B200056920C /* InfoAndMembersCollectionVC.swift in Sources */,
				81B928E520618D54002CD355 /* OtherUserMessageCell.swift in Sources */,
				81903105205ADCF200932A55 /* AppDelegate.swift in Sources */,
				81BAD678205AED7100C7F039 /* LoginView.swift in Sources */,
				93495B0620603F9A0080BDBA /* ExpandedFeedCellView.swift in Sources */,
				81DD10A82065CCC5002BAB42 /* MapDetailView.swift in Sources */,
				932F180D2065A3F300950104 /* FloatingPopsicleView.swift in Sources */,
				81AB7AC8205C9548009845EA /* Stylesheet.swift in Sources */,
				81F9F06E20656B2200D288E8 /* FiltersView.swift in Sources */,
				81C3AF52206D324D001686F0 /* TextInputView.swift in Sources */,
				811FFB9720615B6200F3312B /* DBService+Whim.swift in Sources */,
				81337775206A960B00F1F657 /* FeedMapVC+Feed.swift in Sources */,
				81DECD1B205C87FA00214866 /* Interactor.swift in Sources */,
				812112E72062F660002D80C2 /* AddWhimLocationViewController.swift in Sources */,
				81C7DCC6207452D10008D940 /* ChatGuestsTableVC.swift in Sources */,
				81202D86206BEBC200CC5588 /* MenuNavigationBarVC.swift in Sources */,
				81DECD26205C91F900214866 /* MenuProfileView.swift in Sources */,
				81DECD19205C87ED00214866 /* MenuedViewController.swift in Sources */,
				816D11CA206C333F001D199C /* ChatInfoView.swift in Sources */,
				81AB7AC2205C80B4009845EA /* WhimCategoryTableViewCell.swift in Sources */,
				81EBB5892060117D008A6CE7 /* StorageService.swift in Sources */,
				811FFB9B20616B1E00F3312B /* DBService+Message.swift in Sources */,
				81B928E720618D64002CD355 /* NotificationTableViewCell.swift in Sources */,
				81BAD6A7205AF09400C7F039 /* LocationDetailsMsgCell.swift in Sources */,
				81AB7ACB205CA256009845EA /* Categories.swift in Sources */,
				812112E320615BF7002D80C2 /* DBService+Get.swift in Sources */,
				81D12DD920673AE60056920C /* TextInputVC.swift in Sources */,
				81BAD695205AEF8900C7F039 /* ProfileView.swift in Sources */,
				93E12D62206DCC0B00BD49FA /* CancelCreateWhimTableViewCell.swift in Sources */,
				81D12DDD20674ED70056920C /* ChatRoomVCTest.swift in Sources */,
				81DECD28205C932200214866 /* MenuWhimsView.swift in Sources */,
				811FFB9920615B6900F3312B /* NotificationManager.swift in Sources */,
				81DECD3020600C8900214866 /* MainTabBarVC.swift in Sources */,
				81DECD1F205C882100214866 /* PresentMenuAnimator.swift in Sources */,
				81BAD676205AED5D00C7F039 /* LoginVC.swift in Sources */,
				8139A99F205C309F006C7058 /* Whim.swift in Sources */,
				81BAD691205AEF6600C7F039 /* SideMenuVC.swift in Sources */,
				81DECD1D205C881200214866 /* MenuHelper.swift in Sources */,
				81B928E920618D76002CD355 /* LocationDetailsTableViewCell.swift in Sources */,
				81202D8A206BED3C00CC5588 /* MenuProfileVC.swift in Sources */,
				81A57A5320697D7000E4BE0B /* MenuData.swift in Sources */,
				81BAD67D205AEDBF00C7F039 /* FeedView.swift in Sources */,
				8107D92420729A9100CEC5B2 /* AppUser+CurrentUser.swift in Sources */,
				8139A9A6205C3130006C7058 /* CreateWhimView.swift in Sources */,
				81C3AF54206DA6AC001686F0 /* MenuNotificationTracker.swift in Sources */,
				81A57A512068952D00E4BE0B /* DBService+Interest.swift in Sources */,
				81B928E320618D41002CD355 /* CurrentUserMessageCell.swift in Sources */,
				81C7DCC8207459050008D940 /* ChatGuestTableViewCell.swift in Sources */,
				81EBB58B20601939008A6CE7 /* StorageService+Image.swift in Sources */,
				81BAD68F205AEEE200C7F039 /* Message.swift in Sources */,
				93D5CDB2206AB20A00ABB3E1 /* SplashViewController.swift in Sources */,
				8196983B2072D970000267A6 /* Interest.swift in Sources */,
				81BAD67B205AEDAA00C7F039 /* FeedMapVC.swift in Sources */,
				81DECD3220600FB000214866 /* Page.swift in Sources */,
				811FFB5720606B5500F3312B /* CollapsedFeedCellView.swift in Sources */,
				81AB7ABE205C805A009845EA /* WhimExpirationTableViewCell.swift in Sources */,
				81BAD6A9205AF0AA00C7F039 /* GuestProfileVC.swift in Sources */,
				812112E92062F7D3002D80C2 /* AddWhimLocationView.swift in Sources */,
				812112EB20632889002D80C2 /* ChatGuestCollectionViewCell.swift in Sources */,
			);
			runOnlyForDeploymentPostprocessing = 0;
		};
		81903111205ADCF200932A55 /* Sources */ = {
			isa = PBXSourcesBuildPhase;
			buildActionMask = 2147483647;
			files = (
				8190311A205ADCF200932A55 /* wmsyTests.swift in Sources */,
			);
			runOnlyForDeploymentPostprocessing = 0;
		};
/* End PBXSourcesBuildPhase section */

/* Begin PBXTargetDependency section */
		81903117205ADCF200932A55 /* PBXTargetDependency */ = {
			isa = PBXTargetDependency;
			target = 81903100205ADCF200932A55 /* wmsy */;
			targetProxy = 81903116205ADCF200932A55 /* PBXContainerItemProxy */;
		};
/* End PBXTargetDependency section */

/* Begin PBXVariantGroup section */
		81903108205ADCF200932A55 /* Main.storyboard */ = {
			isa = PBXVariantGroup;
			children = (
				81903109205ADCF200932A55 /* Base */,
			);
			name = Main.storyboard;
			sourceTree = "<group>";
		};
		8190310D205ADCF200932A55 /* LaunchScreen.storyboard */ = {
			isa = PBXVariantGroup;
			children = (
				8190310E205ADCF200932A55 /* Base */,
			);
			name = LaunchScreen.storyboard;
			sourceTree = "<group>";
		};
/* End PBXVariantGroup section */

/* Begin XCBuildConfiguration section */
		8190311C205ADCF200932A55 /* Debug */ = {
			isa = XCBuildConfiguration;
			buildSettings = {
				ALWAYS_SEARCH_USER_PATHS = NO;
				CLANG_ANALYZER_NONNULL = YES;
				CLANG_ANALYZER_NUMBER_OBJECT_CONVERSION = YES_AGGRESSIVE;
				CLANG_CXX_LANGUAGE_STANDARD = "gnu++14";
				CLANG_CXX_LIBRARY = "libc++";
				CLANG_ENABLE_MODULES = YES;
				CLANG_ENABLE_OBJC_ARC = YES;
				CLANG_WARN_BLOCK_CAPTURE_AUTORELEASING = YES;
				CLANG_WARN_BOOL_CONVERSION = YES;
				CLANG_WARN_COMMA = YES;
				CLANG_WARN_CONSTANT_CONVERSION = YES;
				CLANG_WARN_DIRECT_OBJC_ISA_USAGE = YES_ERROR;
				CLANG_WARN_DOCUMENTATION_COMMENTS = YES;
				CLANG_WARN_EMPTY_BODY = YES;
				CLANG_WARN_ENUM_CONVERSION = YES;
				CLANG_WARN_INFINITE_RECURSION = YES;
				CLANG_WARN_INT_CONVERSION = YES;
				CLANG_WARN_NON_LITERAL_NULL_CONVERSION = YES;
				CLANG_WARN_OBJC_LITERAL_CONVERSION = YES;
				CLANG_WARN_OBJC_ROOT_CLASS = YES_ERROR;
				CLANG_WARN_RANGE_LOOP_ANALYSIS = YES;
				CLANG_WARN_STRICT_PROTOTYPES = YES;
				CLANG_WARN_SUSPICIOUS_MOVE = YES;
				CLANG_WARN_UNGUARDED_AVAILABILITY = YES_AGGRESSIVE;
				CLANG_WARN_UNREACHABLE_CODE = YES;
				CLANG_WARN__DUPLICATE_METHOD_MATCH = YES;
				CODE_SIGN_IDENTITY = "iPhone Developer";
				COPY_PHASE_STRIP = NO;
				DEBUG_INFORMATION_FORMAT = dwarf;
				ENABLE_STRICT_OBJC_MSGSEND = YES;
				ENABLE_TESTABILITY = YES;
				GCC_C_LANGUAGE_STANDARD = gnu11;
				GCC_DYNAMIC_NO_PIC = NO;
				GCC_NO_COMMON_BLOCKS = YES;
				GCC_OPTIMIZATION_LEVEL = 0;
				GCC_PREPROCESSOR_DEFINITIONS = (
					"DEBUG=1",
					"$(inherited)",
				);
				GCC_WARN_64_TO_32_BIT_CONVERSION = YES;
				GCC_WARN_ABOUT_RETURN_TYPE = YES_ERROR;
				GCC_WARN_UNDECLARED_SELECTOR = YES;
				GCC_WARN_UNINITIALIZED_AUTOS = YES_AGGRESSIVE;
				GCC_WARN_UNUSED_FUNCTION = YES;
				GCC_WARN_UNUSED_VARIABLE = YES;
				IPHONEOS_DEPLOYMENT_TARGET = 11.2;
				MTL_ENABLE_DEBUG_INFO = YES;
				ONLY_ACTIVE_ARCH = YES;
				SDKROOT = iphoneos;
				SWIFT_ACTIVE_COMPILATION_CONDITIONS = DEBUG;
				SWIFT_OPTIMIZATION_LEVEL = "-Onone";
			};
			name = Debug;
		};
		8190311D205ADCF200932A55 /* Release */ = {
			isa = XCBuildConfiguration;
			buildSettings = {
				ALWAYS_SEARCH_USER_PATHS = NO;
				CLANG_ANALYZER_NONNULL = YES;
				CLANG_ANALYZER_NUMBER_OBJECT_CONVERSION = YES_AGGRESSIVE;
				CLANG_CXX_LANGUAGE_STANDARD = "gnu++14";
				CLANG_CXX_LIBRARY = "libc++";
				CLANG_ENABLE_MODULES = YES;
				CLANG_ENABLE_OBJC_ARC = YES;
				CLANG_WARN_BLOCK_CAPTURE_AUTORELEASING = YES;
				CLANG_WARN_BOOL_CONVERSION = YES;
				CLANG_WARN_COMMA = YES;
				CLANG_WARN_CONSTANT_CONVERSION = YES;
				CLANG_WARN_DIRECT_OBJC_ISA_USAGE = YES_ERROR;
				CLANG_WARN_DOCUMENTATION_COMMENTS = YES;
				CLANG_WARN_EMPTY_BODY = YES;
				CLANG_WARN_ENUM_CONVERSION = YES;
				CLANG_WARN_INFINITE_RECURSION = YES;
				CLANG_WARN_INT_CONVERSION = YES;
				CLANG_WARN_NON_LITERAL_NULL_CONVERSION = YES;
				CLANG_WARN_OBJC_LITERAL_CONVERSION = YES;
				CLANG_WARN_OBJC_ROOT_CLASS = YES_ERROR;
				CLANG_WARN_RANGE_LOOP_ANALYSIS = YES;
				CLANG_WARN_STRICT_PROTOTYPES = YES;
				CLANG_WARN_SUSPICIOUS_MOVE = YES;
				CLANG_WARN_UNGUARDED_AVAILABILITY = YES_AGGRESSIVE;
				CLANG_WARN_UNREACHABLE_CODE = YES;
				CLANG_WARN__DUPLICATE_METHOD_MATCH = YES;
				CODE_SIGN_IDENTITY = "iPhone Developer";
				COPY_PHASE_STRIP = NO;
				DEBUG_INFORMATION_FORMAT = "dwarf-with-dsym";
				ENABLE_NS_ASSERTIONS = NO;
				ENABLE_STRICT_OBJC_MSGSEND = YES;
				GCC_C_LANGUAGE_STANDARD = gnu11;
				GCC_NO_COMMON_BLOCKS = YES;
				GCC_WARN_64_TO_32_BIT_CONVERSION = YES;
				GCC_WARN_ABOUT_RETURN_TYPE = YES_ERROR;
				GCC_WARN_UNDECLARED_SELECTOR = YES;
				GCC_WARN_UNINITIALIZED_AUTOS = YES_AGGRESSIVE;
				GCC_WARN_UNUSED_FUNCTION = YES;
				GCC_WARN_UNUSED_VARIABLE = YES;
				IPHONEOS_DEPLOYMENT_TARGET = 11.2;
				MTL_ENABLE_DEBUG_INFO = NO;
				SDKROOT = iphoneos;
				SWIFT_OPTIMIZATION_LEVEL = "-Owholemodule";
				VALIDATE_PRODUCT = YES;
			};
			name = Release;
		};
		8190311F205ADCF200932A55 /* Debug */ = {
			isa = XCBuildConfiguration;
			baseConfigurationReference = A3CBD7D0321B7C36EB143EB4 /* Pods-wmsy.debug.xcconfig */;
			buildSettings = {
				ASSETCATALOG_COMPILER_APPICON_NAME = AppIcon;
				CODE_SIGN_STYLE = Automatic;
				DEVELOPMENT_TEAM = HRCUFV4R99;
				INFOPLIST_FILE = wmsy/Info.plist;
				IPHONEOS_DEPLOYMENT_TARGET = 11.2;
				LD_RUNPATH_SEARCH_PATHS = "$(inherited) @executable_path/Frameworks";
				PRODUCT_BUNDLE_IDENTIFIER = com.wmsymhc;
				PRODUCT_NAME = "$(TARGET_NAME)";
				SWIFT_VERSION = 4.0;
				TARGETED_DEVICE_FAMILY = "1,2";
			};
			name = Debug;
		};
		81903120205ADCF200932A55 /* Release */ = {
			isa = XCBuildConfiguration;
			baseConfigurationReference = 876DF1E5D004E38FACE607E8 /* Pods-wmsy.release.xcconfig */;
			buildSettings = {
				ASSETCATALOG_COMPILER_APPICON_NAME = AppIcon;
				CODE_SIGN_STYLE = Automatic;
				DEVELOPMENT_TEAM = HRCUFV4R99;
				INFOPLIST_FILE = wmsy/Info.plist;
				IPHONEOS_DEPLOYMENT_TARGET = 11.2;
				LD_RUNPATH_SEARCH_PATHS = "$(inherited) @executable_path/Frameworks";
				PRODUCT_BUNDLE_IDENTIFIER = com.wmsymhc;
				PRODUCT_NAME = "$(TARGET_NAME)";
				SWIFT_VERSION = 4.0;
				TARGETED_DEVICE_FAMILY = "1,2";
			};
			name = Release;
		};
		81903122205ADCF200932A55 /* Debug */ = {
			isa = XCBuildConfiguration;
			baseConfigurationReference = 0DD89D42E5B3A16467FA3C65 /* Pods-wmsyTests.debug.xcconfig */;
			buildSettings = {
				ALWAYS_EMBED_SWIFT_STANDARD_LIBRARIES = YES;
				BUNDLE_LOADER = "$(TEST_HOST)";
				CODE_SIGN_STYLE = Automatic;
				INFOPLIST_FILE = wmsyTests/Info.plist;
				LD_RUNPATH_SEARCH_PATHS = "$(inherited) @executable_path/Frameworks @loader_path/Frameworks";
				PRODUCT_BUNDLE_IDENTIFIER = c.wmsyTests;
				PRODUCT_NAME = "$(TARGET_NAME)";
				SWIFT_VERSION = 4.0;
				TARGETED_DEVICE_FAMILY = "1,2";
				TEST_HOST = "$(BUILT_PRODUCTS_DIR)/wmsy.app/wmsy";
			};
			name = Debug;
		};
		81903123205ADCF200932A55 /* Release */ = {
			isa = XCBuildConfiguration;
			baseConfigurationReference = 12481557B949A7967EAD55F0 /* Pods-wmsyTests.release.xcconfig */;
			buildSettings = {
				ALWAYS_EMBED_SWIFT_STANDARD_LIBRARIES = YES;
				BUNDLE_LOADER = "$(TEST_HOST)";
				CODE_SIGN_STYLE = Automatic;
				INFOPLIST_FILE = wmsyTests/Info.plist;
				LD_RUNPATH_SEARCH_PATHS = "$(inherited) @executable_path/Frameworks @loader_path/Frameworks";
				PRODUCT_BUNDLE_IDENTIFIER = c.wmsyTests;
				PRODUCT_NAME = "$(TARGET_NAME)";
				SWIFT_VERSION = 4.0;
				TARGETED_DEVICE_FAMILY = "1,2";
				TEST_HOST = "$(BUILT_PRODUCTS_DIR)/wmsy.app/wmsy";
			};
			name = Release;
		};
/* End XCBuildConfiguration section */

/* Begin XCConfigurationList section */
		819030FC205ADCF200932A55 /* Build configuration list for PBXProject "wmsy" */ = {
			isa = XCConfigurationList;
			buildConfigurations = (
				8190311C205ADCF200932A55 /* Debug */,
				8190311D205ADCF200932A55 /* Release */,
			);
			defaultConfigurationIsVisible = 0;
			defaultConfigurationName = Release;
		};
		8190311E205ADCF200932A55 /* Build configuration list for PBXNativeTarget "wmsy" */ = {
			isa = XCConfigurationList;
			buildConfigurations = (
				8190311F205ADCF200932A55 /* Debug */,
				81903120205ADCF200932A55 /* Release */,
			);
			defaultConfigurationIsVisible = 0;
			defaultConfigurationName = Release;
		};
		81903121205ADCF200932A55 /* Build configuration list for PBXNativeTarget "wmsyTests" */ = {
			isa = XCConfigurationList;
			buildConfigurations = (
				81903122205ADCF200932A55 /* Debug */,
				81903123205ADCF200932A55 /* Release */,
			);
			defaultConfigurationIsVisible = 0;
			defaultConfigurationName = Release;
		};
/* End XCConfigurationList section */
	};
	rootObject = 819030F9205ADCF200932A55 /* Project object */;
}
