// !$*UTF8*$!
{
	archiveVersion = 1;
	classes = {
	};
	objectVersion = 48;
	objects = {

/* Begin PBXBuildFile section */
		81903105205ADCF200932A55 /* AppDelegate.swift in Sources */ = {isa = PBXBuildFile; fileRef = 81903104205ADCF200932A55 /* AppDelegate.swift */; };
		8190310A205ADCF200932A55 /* Main.storyboard in Resources */ = {isa = PBXBuildFile; fileRef = 81903108205ADCF200932A55 /* Main.storyboard */; };
		8190310C205ADCF200932A55 /* Assets.xcassets in Resources */ = {isa = PBXBuildFile; fileRef = 8190310B205ADCF200932A55 /* Assets.xcassets */; };
		8190310F205ADCF200932A55 /* LaunchScreen.storyboard in Resources */ = {isa = PBXBuildFile; fileRef = 8190310D205ADCF200932A55 /* LaunchScreen.storyboard */; };
		8190311A205ADCF200932A55 /* wmsyTests.swift in Sources */ = {isa = PBXBuildFile; fileRef = 81903119205ADCF200932A55 /* wmsyTests.swift */; };
		8449A2DA7A870D7DFE6E2428 /* Pods_wmsy.framework in Frameworks */ = {isa = PBXBuildFile; fileRef = 7CEEC5ACCA9E78DD3C3881CA /* Pods_wmsy.framework */; };
		E5E0CC0CB13ED0D202D6CA35 /* Pods_wmsyTests.framework in Frameworks */ = {isa = PBXBuildFile; fileRef = 7ABB5CDA9ED0EA6DABA10A94 /* Pods_wmsyTests.framework */; };
/* End PBXBuildFile section */

/* Begin PBXContainerItemProxy section */
		81903116205ADCF200932A55 /* PBXContainerItemProxy */ = {
			isa = PBXContainerItemProxy;
			containerPortal = 819030F9205ADCF200932A55 /* Project object */;
			proxyType = 1;
			remoteGlobalIDString = 81903100205ADCF200932A55;
			remoteInfo = wmsy;
		};
/* End PBXContainerItemProxy section */

/* Begin PBXFileReference section */
		0DD89D42E5B3A16467FA3C65 /* Pods-wmsyTests.debug.xcconfig */ = {isa = PBXFileReference; includeInIndex = 1; lastKnownFileType = text.xcconfig; name = "Pods-wmsyTests.debug.xcconfig"; path = "Pods/Target Support Files/Pods-wmsyTests/Pods-wmsyTests.debug.xcconfig"; sourceTree = "<group>"; };
		12481557B949A7967EAD55F0 /* Pods-wmsyTests.release.xcconfig */ = {isa = PBXFileReference; includeInIndex = 1; lastKnownFileType = text.xcconfig; name = "Pods-wmsyTests.release.xcconfig"; path = "Pods/Target Support Files/Pods-wmsyTests/Pods-wmsyTests.release.xcconfig"; sourceTree = "<group>"; };
		7ABB5CDA9ED0EA6DABA10A94 /* Pods_wmsyTests.framework */ = {isa = PBXFileReference; explicitFileType = wrapper.framework; includeInIndex = 0; path = Pods_wmsyTests.framework; sourceTree = BUILT_PRODUCTS_DIR; };
		7CEEC5ACCA9E78DD3C3881CA /* Pods_wmsy.framework */ = {isa = PBXFileReference; explicitFileType = wrapper.framework; includeInIndex = 0; path = Pods_wmsy.framework; sourceTree = BUILT_PRODUCTS_DIR; };
		810816AE2072D01C00E59456 /* Interest.swift */ = {isa = PBXFileReference; fileEncoding = 4; lastKnownFileType = sourcecode.swift; path = Interest.swift; sourceTree = "<group>"; };
		81903101205ADCF200932A55 /* wmsy.app */ = {isa = PBXFileReference; explicitFileType = wrapper.application; includeInIndex = 0; path = wmsy.app; sourceTree = BUILT_PRODUCTS_DIR; };
		81903104205ADCF200932A55 /* AppDelegate.swift */ = {isa = PBXFileReference; lastKnownFileType = sourcecode.swift; path = AppDelegate.swift; sourceTree = "<group>"; };
		81903109205ADCF200932A55 /* Base */ = {isa = PBXFileReference; lastKnownFileType = file.storyboard; name = Base; path = Base.lproj/Main.storyboard; sourceTree = "<group>"; };
		8190310B205ADCF200932A55 /* Assets.xcassets */ = {isa = PBXFileReference; lastKnownFileType = folder.assetcatalog; path = Assets.xcassets; sourceTree = "<group>"; };
		8190310E205ADCF200932A55 /* Base */ = {isa = PBXFileReference; lastKnownFileType = file.storyboard; name = Base; path = Base.lproj/LaunchScreen.storyboard; sourceTree = "<group>"; };
		81903110205ADCF200932A55 /* Info.plist */ = {isa = PBXFileReference; lastKnownFileType = text.plist.xml; path = Info.plist; sourceTree = "<group>"; };
		81903115205ADCF200932A55 /* wmsyTests.xctest */ = {isa = PBXFileReference; explicitFileType = wrapper.cfbundle; includeInIndex = 0; path = wmsyTests.xctest; sourceTree = BUILT_PRODUCTS_DIR; };
		81903119205ADCF200932A55 /* wmsyTests.swift */ = {isa = PBXFileReference; lastKnownFileType = sourcecode.swift; path = wmsyTests.swift; sourceTree = "<group>"; };
		8190311B205ADCF200932A55 /* Info.plist */ = {isa = PBXFileReference; lastKnownFileType = text.plist.xml; path = Info.plist; sourceTree = "<group>"; };
		876DF1E5D004E38FACE607E8 /* Pods-wmsy.release.xcconfig */ = {isa = PBXFileReference; includeInIndex = 1; lastKnownFileType = text.xcconfig; name = "Pods-wmsy.release.xcconfig"; path = "Pods/Target Support Files/Pods-wmsy/Pods-wmsy.release.xcconfig"; sourceTree = "<group>"; };
		A3CBD7D0321B7C36EB143EB4 /* Pods-wmsy.debug.xcconfig */ = {isa = PBXFileReference; includeInIndex = 1; lastKnownFileType = text.xcconfig; name = "Pods-wmsy.debug.xcconfig"; path = "Pods/Target Support Files/Pods-wmsy/Pods-wmsy.debug.xcconfig"; sourceTree = "<group>"; };
/* End PBXFileReference section */

/* Begin PBXFrameworksBuildPhase section */
		819030FE205ADCF200932A55 /* Frameworks */ = {
			isa = PBXFrameworksBuildPhase;
			buildActionMask = 2147483647;
			files = (
				8449A2DA7A870D7DFE6E2428 /* Pods_wmsy.framework in Frameworks */,
			);
			runOnlyForDeploymentPostprocessing = 0;
		};
		81903112205ADCF200932A55 /* Frameworks */ = {
			isa = PBXFrameworksBuildPhase;
			buildActionMask = 2147483647;
			files = (
				E5E0CC0CB13ED0D202D6CA35 /* Pods_wmsyTests.framework in Frameworks */,
			);
			runOnlyForDeploymentPostprocessing = 0;
		};
/* End PBXFrameworksBuildPhase section */

/* Begin PBXGroup section */
		03091284B0376CB4097E8AD5 /* Frameworks */ = {
			isa = PBXGroup;
			children = (
				7CEEC5ACCA9E78DD3C3881CA /* Pods_wmsy.framework */,
				7ABB5CDA9ED0EA6DABA10A94 /* Pods_wmsyTests.framework */,
			);
			name = Frameworks;
			sourceTree = "<group>";
		};
		817C73852072DF3300EF160F /* Recovered References */ = {
			isa = PBXGroup;
			children = (
				810816AE2072D01C00E59456 /* Interest.swift */,
			);
			name = "Recovered References";
			sourceTree = "<group>";
		};
		819030F8205ADCF200932A55 = {
			isa = PBXGroup;
			children = (
				81903103205ADCF200932A55 /* wmsy */,
				81903118205ADCF200932A55 /* wmsyTests */,
				81903102205ADCF200932A55 /* Products */,
				B2F8ADA7007772FA5D9A5CEF /* Pods */,
				03091284B0376CB4097E8AD5 /* Frameworks */,
				817C73852072DF3300EF160F /* Recovered References */,
			);
			sourceTree = "<group>";
		};
		81903102205ADCF200932A55 /* Products */ = {
			isa = PBXGroup;
			children = (
				81903101205ADCF200932A55 /* wmsy.app */,
				81903115205ADCF200932A55 /* wmsyTests.xctest */,
			);
			name = Products;
			sourceTree = "<group>";
		};
		81903103205ADCF200932A55 /* wmsy */ = {
			isa = PBXGroup;
			children = (
				81903108205ADCF200932A55 /* Main.storyboard */,
				81903104205ADCF200932A55 /* AppDelegate.swift */,
				8190310B205ADCF200932A55 /* Assets.xcassets */,
				8190310D205ADCF200932A55 /* LaunchScreen.storyboard */,
				81903110205ADCF200932A55 /* Info.plist */,
			);
			path = wmsy;
			sourceTree = "<group>";
		};
		81903118205ADCF200932A55 /* wmsyTests */ = {
			isa = PBXGroup;
			children = (
				81903119205ADCF200932A55 /* wmsyTests.swift */,
				8190311B205ADCF200932A55 /* Info.plist */,
			);
			path = wmsyTests;
			sourceTree = "<group>";
		};
		B2F8ADA7007772FA5D9A5CEF /* Pods */ = {
			isa = PBXGroup;
			children = (
				A3CBD7D0321B7C36EB143EB4 /* Pods-wmsy.debug.xcconfig */,
				876DF1E5D004E38FACE607E8 /* Pods-wmsy.release.xcconfig */,
				0DD89D42E5B3A16467FA3C65 /* Pods-wmsyTests.debug.xcconfig */,
				12481557B949A7967EAD55F0 /* Pods-wmsyTests.release.xcconfig */,
			);
			name = Pods;
			sourceTree = "<group>";
		};
/* End PBXGroup section */

/* Begin PBXNativeTarget section */
		81903100205ADCF200932A55 /* wmsy */ = {
			isa = PBXNativeTarget;
			buildConfigurationList = 8190311E205ADCF200932A55 /* Build configuration list for PBXNativeTarget "wmsy" */;
			buildPhases = (
				A70760F99460C7719B006C43 /* [CP] Check Pods Manifest.lock */,
				819030FD205ADCF200932A55 /* Sources */,
				819030FE205ADCF200932A55 /* Frameworks */,
				819030FF205ADCF200932A55 /* Resources */,
				79C221560345577A197BA82F /* [CP] Embed Pods Frameworks */,
				6EECE74DE338522519D08BD0 /* [CP] Copy Pods Resources */,
			);
			buildRules = (
			);
			dependencies = (
			);
			name = wmsy;
			productName = wmsy;
			productReference = 81903101205ADCF200932A55 /* wmsy.app */;
			productType = "com.apple.product-type.application";
		};
		81903114205ADCF200932A55 /* wmsyTests */ = {
			isa = PBXNativeTarget;
			buildConfigurationList = 81903121205ADCF200932A55 /* Build configuration list for PBXNativeTarget "wmsyTests" */;
			buildPhases = (
				8B955D1816E472AB051D8B55 /* [CP] Check Pods Manifest.lock */,
				81903111205ADCF200932A55 /* Sources */,
				81903112205ADCF200932A55 /* Frameworks */,
				81903113205ADCF200932A55 /* Resources */,
			);
			buildRules = (
			);
			dependencies = (
				81903117205ADCF200932A55 /* PBXTargetDependency */,
			);
			name = wmsyTests;
			productName = wmsyTests;
			productReference = 81903115205ADCF200932A55 /* wmsyTests.xctest */;
			productType = "com.apple.product-type.bundle.unit-test";
		};
/* End PBXNativeTarget section */

/* Begin PBXProject section */
		819030F9205ADCF200932A55 /* Project object */ = {
			isa = PBXProject;
			attributes = {
				LastSwiftUpdateCheck = 0920;
				LastUpgradeCheck = 1120;
				ORGANIZATIONNAME = C4Q;
				TargetAttributes = {
					81903100205ADCF200932A55 = {
						CreatedOnToolsVersion = 9.2;
						ProvisioningStyle = Automatic;
					};
					81903114205ADCF200932A55 = {
						CreatedOnToolsVersion = 9.2;
						ProvisioningStyle = Automatic;
						TestTargetID = 81903100205ADCF200932A55;
					};
				};
			};
			buildConfigurationList = 819030FC205ADCF200932A55 /* Build configuration list for PBXProject "wmsy" */;
			compatibilityVersion = "Xcode 8.0";
			developmentRegion = en;
			hasScannedForEncodings = 0;
			knownRegions = (
				en,
				Base,
			);
			mainGroup = 819030F8205ADCF200932A55;
			productRefGroup = 81903102205ADCF200932A55 /* Products */;
			projectDirPath = "";
			projectRoot = "";
			targets = (
				81903100205ADCF200932A55 /* wmsy */,
				81903114205ADCF200932A55 /* wmsyTests */,
			);
		};
/* End PBXProject section */

/* Begin PBXResourcesBuildPhase section */
		819030FF205ADCF200932A55 /* Resources */ = {
			isa = PBXResourcesBuildPhase;
			buildActionMask = 2147483647;
			files = (
				8190310F205ADCF200932A55 /* LaunchScreen.storyboard in Resources */,
				8190310C205ADCF200932A55 /* Assets.xcassets in Resources */,
				8190310A205ADCF200932A55 /* Main.storyboard in Resources */,
			);
			runOnlyForDeploymentPostprocessing = 0;
		};
		81903113205ADCF200932A55 /* Resources */ = {
			isa = PBXResourcesBuildPhase;
			buildActionMask = 2147483647;
			files = (
			);
			runOnlyForDeploymentPostprocessing = 0;
		};
/* End PBXResourcesBuildPhase section */

/* Begin PBXShellScriptBuildPhase section */
		6EECE74DE338522519D08BD0 /* [CP] Copy Pods Resources */ = {
			isa = PBXShellScriptBuildPhase;
			buildActionMask = 2147483647;
			files = (
			);
			inputPaths = (
				"${PODS_ROOT}/Target Support Files/Pods-wmsy/Pods-wmsy-resources.sh",
				"${PODS_ROOT}/GoogleMaps/Maps/Frameworks/GoogleMaps.framework/Resources/GoogleMaps.bundle",
			);
			name = "[CP] Copy Pods Resources";
			outputPaths = (
				"${TARGET_BUILD_DIR}/${UNLOCALIZED_RESOURCES_FOLDER_PATH}/GoogleMaps.bundle",
			);
			runOnlyForDeploymentPostprocessing = 0;
			shellPath = /bin/sh;
			shellScript = "\"${PODS_ROOT}/Target Support Files/Pods-wmsy/Pods-wmsy-resources.sh\"\n";
			showEnvVarsInLog = 0;
		};
		79C221560345577A197BA82F /* [CP] Embed Pods Frameworks */ = {
			isa = PBXShellScriptBuildPhase;
			buildActionMask = 2147483647;
			files = (
			);
			inputPaths = (
				"${PODS_ROOT}/Target Support Files/Pods-wmsy/Pods-wmsy-frameworks.sh",
				"${BUILT_PRODUCTS_DIR}/Kingfisher/Kingfisher.framework",
			);
			name = "[CP] Embed Pods Frameworks";
			outputPaths = (
				"${TARGET_BUILD_DIR}/${FRAMEWORKS_FOLDER_PATH}/Kingfisher.framework",
			);
			runOnlyForDeploymentPostprocessing = 0;
			shellPath = /bin/sh;
			shellScript = "\"${PODS_ROOT}/Target Support Files/Pods-wmsy/Pods-wmsy-frameworks.sh\"\n";
			showEnvVarsInLog = 0;
		};
		8B955D1816E472AB051D8B55 /* [CP] Check Pods Manifest.lock */ = {
			isa = PBXShellScriptBuildPhase;
			buildActionMask = 2147483647;
			files = (
			);
			inputPaths = (
				"${PODS_PODFILE_DIR_PATH}/Podfile.lock",
				"${PODS_ROOT}/Manifest.lock",
			);
			name = "[CP] Check Pods Manifest.lock";
			outputPaths = (
				"$(DERIVED_FILE_DIR)/Pods-wmsyTests-checkManifestLockResult.txt",
			);
			runOnlyForDeploymentPostprocessing = 0;
			shellPath = /bin/sh;
			shellScript = "diff \"${PODS_PODFILE_DIR_PATH}/Podfile.lock\" \"${PODS_ROOT}/Manifest.lock\" > /dev/null\nif [ $? != 0 ] ; then\n    # print error to STDERR\n    echo \"error: The sandbox is not in sync with the Podfile.lock. Run 'pod install' or update your CocoaPods installation.\" >&2\n    exit 1\nfi\n# This output is used by Xcode 'outputs' to avoid re-running this script phase.\necho \"SUCCESS\" > \"${SCRIPT_OUTPUT_FILE_0}\"\n";
			showEnvVarsInLog = 0;
		};
		A70760F99460C7719B006C43 /* [CP] Check Pods Manifest.lock */ = {
			isa = PBXShellScriptBuildPhase;
			buildActionMask = 2147483647;
			files = (
			);
			inputPaths = (
				"${PODS_PODFILE_DIR_PATH}/Podfile.lock",
				"${PODS_ROOT}/Manifest.lock",
			);
			name = "[CP] Check Pods Manifest.lock";
			outputPaths = (
				"$(DERIVED_FILE_DIR)/Pods-wmsy-checkManifestLockResult.txt",
			);
			runOnlyForDeploymentPostprocessing = 0;
			shellPath = /bin/sh;
			shellScript = "diff \"${PODS_PODFILE_DIR_PATH}/Podfile.lock\" \"${PODS_ROOT}/Manifest.lock\" > /dev/null\nif [ $? != 0 ] ; then\n    # print error to STDERR\n    echo \"error: The sandbox is not in sync with the Podfile.lock. Run 'pod install' or update your CocoaPods installation.\" >&2\n    exit 1\nfi\n# This output is used by Xcode 'outputs' to avoid re-running this script phase.\necho \"SUCCESS\" > \"${SCRIPT_OUTPUT_FILE_0}\"\n";
			showEnvVarsInLog = 0;
		};
/* End PBXShellScriptBuildPhase section */

/* Begin PBXSourcesBuildPhase section */
		819030FD205ADCF200932A55 /* Sources */ = {
			isa = PBXSourcesBuildPhase;
			buildActionMask = 2147483647;
			files = (
				81903105205ADCF200932A55 /* AppDelegate.swift in Sources */,
			);
			runOnlyForDeploymentPostprocessing = 0;
		};
		81903111205ADCF200932A55 /* Sources */ = {
			isa = PBXSourcesBuildPhase;
			buildActionMask = 2147483647;
			files = (
				8190311A205ADCF200932A55 /* wmsyTests.swift in Sources */,
			);
			runOnlyForDeploymentPostprocessing = 0;
		};
/* End PBXSourcesBuildPhase section */

/* Begin PBXTargetDependency section */
		81903117205ADCF200932A55 /* PBXTargetDependency */ = {
			isa = PBXTargetDependency;
			target = 81903100205ADCF200932A55 /* wmsy */;
			targetProxy = 81903116205ADCF200932A55 /* PBXContainerItemProxy */;
		};
/* End PBXTargetDependency section */

/* Begin PBXVariantGroup section */
		81903108205ADCF200932A55 /* Main.storyboard */ = {
			isa = PBXVariantGroup;
			children = (
				81903109205ADCF200932A55 /* Base */,
			);
			name = Main.storyboard;
			sourceTree = "<group>";
		};
		8190310D205ADCF200932A55 /* LaunchScreen.storyboard */ = {
			isa = PBXVariantGroup;
			children = (
				8190310E205ADCF200932A55 /* Base */,
			);
			name = LaunchScreen.storyboard;
			sourceTree = "<group>";
		};
/* End PBXVariantGroup section */

/* Begin XCBuildConfiguration section */
		8190311C205ADCF200932A55 /* Debug */ = {
			isa = XCBuildConfiguration;
			buildSettings = {
				ALWAYS_SEARCH_USER_PATHS = NO;
				CLANG_ANALYZER_NONNULL = YES;
				CLANG_ANALYZER_NUMBER_OBJECT_CONVERSION = YES_AGGRESSIVE;
				CLANG_CXX_LANGUAGE_STANDARD = "gnu++14";
				CLANG_CXX_LIBRARY = "libc++";
				CLANG_ENABLE_MODULES = YES;
				CLANG_ENABLE_OBJC_ARC = YES;
				CLANG_WARN_BLOCK_CAPTURE_AUTORELEASING = YES;
				CLANG_WARN_BOOL_CONVERSION = YES;
				CLANG_WARN_COMMA = YES;
				CLANG_WARN_CONSTANT_CONVERSION = YES;
				CLANG_WARN_DEPRECATED_OBJC_IMPLEMENTATIONS = YES;
				CLANG_WARN_DIRECT_OBJC_ISA_USAGE = YES_ERROR;
				CLANG_WARN_DOCUMENTATION_COMMENTS = YES;
				CLANG_WARN_EMPTY_BODY = YES;
				CLANG_WARN_ENUM_CONVERSION = YES;
				CLANG_WARN_INFINITE_RECURSION = YES;
				CLANG_WARN_INT_CONVERSION = YES;
				CLANG_WARN_NON_LITERAL_NULL_CONVERSION = YES;
				CLANG_WARN_OBJC_IMPLICIT_RETAIN_SELF = YES;
				CLANG_WARN_OBJC_LITERAL_CONVERSION = YES;
				CLANG_WARN_OBJC_ROOT_CLASS = YES_ERROR;
				CLANG_WARN_RANGE_LOOP_ANALYSIS = YES;
				CLANG_WARN_STRICT_PROTOTYPES = YES;
				CLANG_WARN_SUSPICIOUS_MOVE = YES;
				CLANG_WARN_UNGUARDED_AVAILABILITY = YES_AGGRESSIVE;
				CLANG_WARN_UNREACHABLE_CODE = YES;
				CLANG_WARN__DUPLICATE_METHOD_MATCH = YES;
				CODE_SIGN_IDENTITY = "iPhone Developer";
				COPY_PHASE_STRIP = NO;
				DEBUG_INFORMATION_FORMAT = dwarf;
				ENABLE_STRICT_OBJC_MSGSEND = YES;
				ENABLE_TESTABILITY = YES;
				GCC_C_LANGUAGE_STANDARD = gnu11;
				GCC_DYNAMIC_NO_PIC = NO;
				GCC_NO_COMMON_BLOCKS = YES;
				GCC_OPTIMIZATION_LEVEL = 0;
				GCC_PREPROCESSOR_DEFINITIONS = (
					"DEBUG=1",
					"$(inherited)",
				);
				GCC_WARN_64_TO_32_BIT_CONVERSION = YES;
				GCC_WARN_ABOUT_RETURN_TYPE = YES_ERROR;
				GCC_WARN_UNDECLARED_SELECTOR = YES;
				GCC_WARN_UNINITIALIZED_AUTOS = YES_AGGRESSIVE;
				GCC_WARN_UNUSED_FUNCTION = YES;
				GCC_WARN_UNUSED_VARIABLE = YES;
				IPHONEOS_DEPLOYMENT_TARGET = 13.2;
				MTL_ENABLE_DEBUG_INFO = YES;
				ONLY_ACTIVE_ARCH = YES;
				SDKROOT = iphoneos;
				SWIFT_ACTIVE_COMPILATION_CONDITIONS = DEBUG;
				SWIFT_OPTIMIZATION_LEVEL = "-Onone";
			};
			name = Debug;
		};
		8190311D205ADCF200932A55 /* Release */ = {
			isa = XCBuildConfiguration;
			buildSettings = {
				ALWAYS_SEARCH_USER_PATHS = NO;
				CLANG_ANALYZER_NONNULL = YES;
				CLANG_ANALYZER_NUMBER_OBJECT_CONVERSION = YES_AGGRESSIVE;
				CLANG_CXX_LANGUAGE_STANDARD = "gnu++14";
				CLANG_CXX_LIBRARY = "libc++";
				CLANG_ENABLE_MODULES = YES;
				CLANG_ENABLE_OBJC_ARC = YES;
				CLANG_WARN_BLOCK_CAPTURE_AUTORELEASING = YES;
				CLANG_WARN_BOOL_CONVERSION = YES;
				CLANG_WARN_COMMA = YES;
				CLANG_WARN_CONSTANT_CONVERSION = YES;
				CLANG_WARN_DEPRECATED_OBJC_IMPLEMENTATIONS = YES;
				CLANG_WARN_DIRECT_OBJC_ISA_USAGE = YES_ERROR;
				CLANG_WARN_DOCUMENTATION_COMMENTS = YES;
				CLANG_WARN_EMPTY_BODY = YES;
				CLANG_WARN_ENUM_CONVERSION = YES;
				CLANG_WARN_INFINITE_RECURSION = YES;
				CLANG_WARN_INT_CONVERSION = YES;
				CLANG_WARN_NON_LITERAL_NULL_CONVERSION = YES;
				CLANG_WARN_OBJC_IMPLICIT_RETAIN_SELF = YES;
				CLANG_WARN_OBJC_LITERAL_CONVERSION = YES;
				CLANG_WARN_OBJC_ROOT_CLASS = YES_ERROR;
				CLANG_WARN_RANGE_LOOP_ANALYSIS = YES;
				CLANG_WARN_STRICT_PROTOTYPES = YES;
				CLANG_WARN_SUSPICIOUS_MOVE = YES;
				CLANG_WARN_UNGUARDED_AVAILABILITY = YES_AGGRESSIVE;
				CLANG_WARN_UNREACHABLE_CODE = YES;
				CLANG_WARN__DUPLICATE_METHOD_MATCH = YES;
				CODE_SIGN_IDENTITY = "iPhone Developer";
				COPY_PHASE_STRIP = NO;
				DEBUG_INFORMATION_FORMAT = "dwarf-with-dsym";
				ENABLE_NS_ASSERTIONS = NO;
				ENABLE_STRICT_OBJC_MSGSEND = YES;
				GCC_C_LANGUAGE_STANDARD = gnu11;
				GCC_NO_COMMON_BLOCKS = YES;
				GCC_WARN_64_TO_32_BIT_CONVERSION = YES;
				GCC_WARN_ABOUT_RETURN_TYPE = YES_ERROR;
				GCC_WARN_UNDECLARED_SELECTOR = YES;
				GCC_WARN_UNINITIALIZED_AUTOS = YES_AGGRESSIVE;
				GCC_WARN_UNUSED_FUNCTION = YES;
				GCC_WARN_UNUSED_VARIABLE = YES;
				IPHONEOS_DEPLOYMENT_TARGET = 13.2;
				MTL_ENABLE_DEBUG_INFO = NO;
				SDKROOT = iphoneos;
				SWIFT_OPTIMIZATION_LEVEL = "-Owholemodule";
				VALIDATE_PRODUCT = YES;
			};
			name = Release;
		};
		8190311F205ADCF200932A55 /* Debug */ = {
			isa = XCBuildConfiguration;
			baseConfigurationReference = A3CBD7D0321B7C36EB143EB4 /* Pods-wmsy.debug.xcconfig */;
			buildSettings = {
				ASSETCATALOG_COMPILER_APPICON_NAME = AppIcon;
				CODE_SIGN_STYLE = Automatic;
				DEVELOPMENT_TEAM = "";
				INFOPLIST_FILE = wmsy/Info.plist;
				IPHONEOS_DEPLOYMENT_TARGET = 13.2;
				LD_RUNPATH_SEARCH_PATHS = "$(inherited) @executable_path/Frameworks";
				PRODUCT_BUNDLE_IDENTIFIER = com.wmsymhc;
				PRODUCT_NAME = "$(TARGET_NAME)";
				SWIFT_VERSION = 5.0;
				TARGETED_DEVICE_FAMILY = "1,2";
			};
			name = Debug;
		};
		81903120205ADCF200932A55 /* Release */ = {
			isa = XCBuildConfiguration;
			baseConfigurationReference = 876DF1E5D004E38FACE607E8 /* Pods-wmsy.release.xcconfig */;
			buildSettings = {
				ASSETCATALOG_COMPILER_APPICON_NAME = AppIcon;
				CODE_SIGN_STYLE = Automatic;
				DEVELOPMENT_TEAM = "";
				INFOPLIST_FILE = wmsy/Info.plist;
				IPHONEOS_DEPLOYMENT_TARGET = 13.2;
				LD_RUNPATH_SEARCH_PATHS = "$(inherited) @executable_path/Frameworks";
				PRODUCT_BUNDLE_IDENTIFIER = com.wmsymhc;
				PRODUCT_NAME = "$(TARGET_NAME)";
				SWIFT_VERSION = 5.0;
				TARGETED_DEVICE_FAMILY = "1,2";
			};
			name = Release;
		};
		81903122205ADCF200932A55 /* Debug */ = {
			isa = XCBuildConfiguration;
			baseConfigurationReference = 0DD89D42E5B3A16467FA3C65 /* Pods-wmsyTests.debug.xcconfig */;
			buildSettings = {
				ALWAYS_EMBED_SWIFT_STANDARD_LIBRARIES = YES;
				BUNDLE_LOADER = "$(TEST_HOST)";
				CODE_SIGN_STYLE = Automatic;
				INFOPLIST_FILE = wmsyTests/Info.plist;
				LD_RUNPATH_SEARCH_PATHS = "$(inherited) @executable_path/Frameworks @loader_path/Frameworks";
				PRODUCT_BUNDLE_IDENTIFIER = c.wmsyTests;
				PRODUCT_NAME = "$(TARGET_NAME)";
				SWIFT_VERSION = 4.0;
				TARGETED_DEVICE_FAMILY = "1,2";
				TEST_HOST = "$(BUILT_PRODUCTS_DIR)/wmsy.app/wmsy";
			};
			name = Debug;
		};
		81903123205ADCF200932A55 /* Release */ = {
			isa = XCBuildConfiguration;
			baseConfigurationReference = 12481557B949A7967EAD55F0 /* Pods-wmsyTests.release.xcconfig */;
			buildSettings = {
				ALWAYS_EMBED_SWIFT_STANDARD_LIBRARIES = YES;
				BUNDLE_LOADER = "$(TEST_HOST)";
				CODE_SIGN_STYLE = Automatic;
				INFOPLIST_FILE = wmsyTests/Info.plist;
				LD_RUNPATH_SEARCH_PATHS = "$(inherited) @executable_path/Frameworks @loader_path/Frameworks";
				PRODUCT_BUNDLE_IDENTIFIER = c.wmsyTests;
				PRODUCT_NAME = "$(TARGET_NAME)";
				SWIFT_VERSION = 4.0;
				TARGETED_DEVICE_FAMILY = "1,2";
				TEST_HOST = "$(BUILT_PRODUCTS_DIR)/wmsy.app/wmsy";
			};
			name = Release;
		};
/* End XCBuildConfiguration section */

/* Begin XCConfigurationList section */
		819030FC205ADCF200932A55 /* Build configuration list for PBXProject "wmsy" */ = {
			isa = XCConfigurationList;
			buildConfigurations = (
				8190311C205ADCF200932A55 /* Debug */,
				8190311D205ADCF200932A55 /* Release */,
			);
			defaultConfigurationIsVisible = 0;
			defaultConfigurationName = Release;
		};
		8190311E205ADCF200932A55 /* Build configuration list for PBXNativeTarget "wmsy" */ = {
			isa = XCConfigurationList;
			buildConfigurations = (
				8190311F205ADCF200932A55 /* Debug */,
				81903120205ADCF200932A55 /* Release */,
			);
			defaultConfigurationIsVisible = 0;
			defaultConfigurationName = Release;
		};
		81903121205ADCF200932A55 /* Build configuration list for PBXNativeTarget "wmsyTests" */ = {
			isa = XCConfigurationList;
			buildConfigurations = (
				81903122205ADCF200932A55 /* Debug */,
				81903123205ADCF200932A55 /* Release */,
			);
			defaultConfigurationIsVisible = 0;
			defaultConfigurationName = Release;
		};
/* End XCConfigurationList section */
	};
	rootObject = 819030F9205ADCF200932A55 /* Project object */;
}
